
Microsoft Visual Studio Solution File, Format Version 12.00
# Visual Studio 15
VisualStudioVersion = 15.0.28307.757
MinimumVisualStudioVersion = 10.0.40219.1
Project("{8BC9CEB8-8B4A-11D0-8D11-00A0C91BC942}") = "CH_7_01", "CH_7\CH_7.vcxproj", "{BC12E061-ECAB-4EE6-BCE1-7540D850EE75}"
EndProject
Project("{8BC9CEB8-8B4A-11D0-8D11-00A0C91BC942}") = "CH_7_02", "CH_7_02\CH_7_02.vcxproj", "{BF866742-ABE7-4156-93A9-24CE538AAE8B}"
EndProject
Project("{8BC9CEB8-8B4A-11D0-8D11-00A0C91BC942}") = "CH_7_03", "CH_7_03\CH_7_03.vcxproj", "{9A26B330-FB30-42FF-8D1B-B77AF6F7BEA1}"
EndProject
Project("{8BC9CEB8-8B4A-11D0-8D11-00A0C91BC942}") = "CH_7_04", "CH_7_04\CH_7_04.vcxproj", "{36777985-4254-4A48-92CC-B64A686CEAEC}"
EndProject
Project("{8BC9CEB8-8B4A-11D0-8D11-00A0C91BC942}") = "CH_7_05", "CH_7_05\CH_7_05.vcxproj", "{B28665B0-B6F1-4B00-AD78-599EDF66FC3C}"
EndProject
Project("{8BC9CEB8-8B4A-11D0-8D11-00A0C91BC942}") = "CH_7_06", "CH_7_06\CH_7_06.vcxproj", "{DFEB2F88-4143-4D97-B4AD-0048A1270869}"
EndProject
Project("{8BC9CEB8-8B4A-11D0-8D11-00A0C91BC942}") = "CH_7_07", "CH_7_07\CH_7_07.vcxproj", "{93247D52-156F-47DD-B27F-F2C6FA6057D1}"
EndProject
Project("{8BC9CEB8-8B4A-11D0-8D11-00A0C91BC942}") = "CH_7_08", "CH_7_08\CH_7_08.vcxproj", "{27A3D80C-B1E0-4F03-B5E6-BAF18ADEAE57}"
EndProject
Project("{8BC9CEB8-8B4A-11D0-8D11-00A0C91BC942}") = "CH_7_09", "CH_7_09\CH_7_09.vcxproj", "{A8855D31-F91A-4771-A5DE-B5598664E204}"
EndProject
Project("{8BC9CEB8-8B4A-11D0-8D11-00A0C91BC942}") = "CH_7_10", "CH_7_10\CH_7_10.vcxproj", "{92160126-C66D-447F-90EC-3D23491B662E}"
EndProject
Project("{8BC9CEB8-8B4A-11D0-8D11-00A0C91BC942}") = "CH_7_11", "CH_7_11\CH_7_11.vcxproj", "{D1D33D31-403E-4713-A0C4-36EECFAC8351}"
EndProject
Project("{8BC9CEB8-8B4A-11D0-8D11-00A0C91BC942}") = "CH_7_12", "CH_7_12\CH_7_12.vcxproj", "{14A72AFD-570A-4AC7-BA44-6C92218125C4}"
EndProject
Project("{8BC9CEB8-8B4A-11D0-8D11-00A0C91BC942}") = "CH_7_13", "CH_7_13\CH_7_13.vcxproj", "{148B58C4-DF02-4B16-89A9-69C824A62B57}"
EndProject
Project("{8BC9CEB8-8B4A-11D0-8D11-00A0C91BC942}") = "CH_7_14", "CH_7_14\CH_7_14.vcxproj", "{E58357AA-D310-4093-9F3B-73578D8CE7D5}"
EndProject
Project("{8BC9CEB8-8B4A-11D0-8D11-00A0C91BC942}") = "CH_7_15", "CH_7_15\CH_7_15.vcxproj", "{BC872693-1787-4FD5-ABFB-2C25BFABDDB6}"
EndProject
Project("{8BC9CEB8-8B4A-11D0-8D11-00A0C91BC942}") = "CH_7_16", "CH_7_16\CH_7_16.vcxproj", "{0A4E8AB0-4DEB-4F6A-8FDE-F4646AED55B9}"
EndProject
Global
	GlobalSection(SolutionConfigurationPlatforms) = preSolution
		Debug|x64 = Debug|x64
		Debug|x86 = Debug|x86
		Release|x64 = Release|x64
		Release|x86 = Release|x86
	EndGlobalSection
	GlobalSection(ProjectConfigurationPlatforms) = postSolution
		{BC12E061-ECAB-4EE6-BCE1-7540D850EE75}.Debug|x64.ActiveCfg = Debug|x64
		{BC12E061-ECAB-4EE6-BCE1-7540D850EE75}.Debug|x64.Build.0 = Debug|x64
		{BC12E061-ECAB-4EE6-BCE1-7540D850EE75}.Debug|x86.ActiveCfg = Debug|Win32
		{BC12E061-ECAB-4EE6-BCE1-7540D850EE75}.Debug|x86.Build.0 = Debug|Win32
		{BC12E061-ECAB-4EE6-BCE1-7540D850EE75}.Release|x64.ActiveCfg = Release|x64
		{BC12E061-ECAB-4EE6-BCE1-7540D850EE75}.Release|x64.Build.0 = Release|x64
		{BC12E061-ECAB-4EE6-BCE1-7540D850EE75}.Release|x86.ActiveCfg = Release|Win32
		{BC12E061-ECAB-4EE6-BCE1-7540D850EE75}.Release|x86.Build.0 = Release|Win32
		{BF866742-ABE7-4156-93A9-24CE538AAE8B}.Debug|x64.ActiveCfg = Debug|x64
		{BF866742-ABE7-4156-93A9-24CE538AAE8B}.Debug|x64.Build.0 = Debug|x64
		{BF866742-ABE7-4156-93A9-24CE538AAE8B}.Debug|x86.ActiveCfg = Debug|Win32
		{BF866742-ABE7-4156-93A9-24CE538AAE8B}.Debug|x86.Build.0 = Debug|Win32
		{BF866742-ABE7-4156-93A9-24CE538AAE8B}.Release|x64.ActiveCfg = Release|x64
		{BF866742-ABE7-4156-93A9-24CE538AAE8B}.Release|x64.Build.0 = Release|x64
		{BF866742-ABE7-4156-93A9-24CE538AAE8B}.Release|x86.ActiveCfg = Release|Win32
		{BF866742-ABE7-4156-93A9-24CE538AAE8B}.Release|x86.Build.0 = Release|Win32
		{9A26B330-FB30-42FF-8D1B-B77AF6F7BEA1}.Debug|x64.ActiveCfg = Debug|x64
		{9A26B330-FB30-42FF-8D1B-B77AF6F7BEA1}.Debug|x64.Build.0 = Debug|x64
		{9A26B330-FB30-42FF-8D1B-B77AF6F7BEA1}.Debug|x86.ActiveCfg = Debug|Win32
		{9A26B330-FB30-42FF-8D1B-B77AF6F7BEA1}.Debug|x86.Build.0 = Debug|Win32
		{9A26B330-FB30-42FF-8D1B-B77AF6F7BEA1}.Release|x64.ActiveCfg = Release|x64
		{9A26B330-FB30-42FF-8D1B-B77AF6F7BEA1}.Release|x64.Build.0 = Release|x64
		{9A26B330-FB30-42FF-8D1B-B77AF6F7BEA1}.Release|x86.ActiveCfg = Release|Win32
		{9A26B330-FB30-42FF-8D1B-B77AF6F7BEA1}.Release|x86.Build.0 = Release|Win32
		{36777985-4254-4A48-92CC-B64A686CEAEC}.Debug|x64.ActiveCfg = Debug|x64
		{36777985-4254-4A48-92CC-B64A686CEAEC}.Debug|x64.Build.0 = Debug|x64
		{36777985-4254-4A48-92CC-B64A686CEAEC}.Debug|x86.ActiveCfg = Debug|Win32
		{36777985-4254-4A48-92CC-B64A686CEAEC}.Debug|x86.Build.0 = Debug|Win32
		{36777985-4254-4A48-92CC-B64A686CEAEC}.Release|x64.ActiveCfg = Release|x64
		{36777985-4254-4A48-92CC-B64A686CEAEC}.Release|x64.Build.0 = Release|x64
		{36777985-4254-4A48-92CC-B64A686CEAEC}.Release|x86.ActiveCfg = Release|Win32
		{36777985-4254-4A48-92CC-B64A686CEAEC}.Release|x86.Build.0 = Release|Win32
		{B28665B0-B6F1-4B00-AD78-599EDF66FC3C}.Debug|x64.ActiveCfg = Debug|x64
		{B28665B0-B6F1-4B00-AD78-599EDF66FC3C}.Debug|x64.Build.0 = Debug|x64
		{B28665B0-B6F1-4B00-AD78-599EDF66FC3C}.Debug|x86.ActiveCfg = Debug|Win32
		{B28665B0-B6F1-4B00-AD78-599EDF66FC3C}.Debug|x86.Build.0 = Debug|Win32
		{B28665B0-B6F1-4B00-AD78-599EDF66FC3C}.Release|x64.ActiveCfg = Release|x64
		{B28665B0-B6F1-4B00-AD78-599EDF66FC3C}.Release|x64.Build.0 = Release|x64
		{B28665B0-B6F1-4B00-AD78-599EDF66FC3C}.Release|x86.ActiveCfg = Release|Win32
		{B28665B0-B6F1-4B00-AD78-599EDF66FC3C}.Release|x86.Build.0 = Release|Win32
		{DFEB2F88-4143-4D97-B4AD-0048A1270869}.Debug|x64.ActiveCfg = Debug|x64
		{DFEB2F88-4143-4D97-B4AD-0048A1270869}.Debug|x64.Build.0 = Debug|x64
		{DFEB2F88-4143-4D97-B4AD-0048A1270869}.Debug|x86.ActiveCfg = Debug|Win32
		{DFEB2F88-4143-4D97-B4AD-0048A1270869}.Debug|x86.Build.0 = Debug|Win32
		{DFEB2F88-4143-4D97-B4AD-0048A1270869}.Release|x64.ActiveCfg = Release|x64
		{DFEB2F88-4143-4D97-B4AD-0048A1270869}.Release|x64.Build.0 = Release|x64
		{DFEB2F88-4143-4D97-B4AD-0048A1270869}.Release|x86.ActiveCfg = Release|Win32
		{DFEB2F88-4143-4D97-B4AD-0048A1270869}.Release|x86.Build.0 = Release|Win32
		{93247D52-156F-47DD-B27F-F2C6FA6057D1}.Debug|x64.ActiveCfg = Debug|x64
		{93247D52-156F-47DD-B27F-F2C6FA6057D1}.Debug|x64.Build.0 = Debug|x64
		{93247D52-156F-47DD-B27F-F2C6FA6057D1}.Debug|x86.ActiveCfg = Debug|Win32
		{93247D52-156F-47DD-B27F-F2C6FA6057D1}.Debug|x86.Build.0 = Debug|Win32
		{93247D52-156F-47DD-B27F-F2C6FA6057D1}.Release|x64.ActiveCfg = Release|x64
		{93247D52-156F-47DD-B27F-F2C6FA6057D1}.Release|x64.Build.0 = Release|x64
		{93247D52-156F-47DD-B27F-F2C6FA6057D1}.Release|x86.ActiveCfg = Release|Win32
		{93247D52-156F-47DD-B27F-F2C6FA6057D1}.Release|x86.Build.0 = Release|Win32
		{27A3D80C-B1E0-4F03-B5E6-BAF18ADEAE57}.Debug|x64.ActiveCfg = Debug|x64
		{27A3D80C-B1E0-4F03-B5E6-BAF18ADEAE57}.Debug|x64.Build.0 = Debug|x64
		{27A3D80C-B1E0-4F03-B5E6-BAF18ADEAE57}.Debug|x86.ActiveCfg = Debug|Win32
		{27A3D80C-B1E0-4F03-B5E6-BAF18ADEAE57}.Debug|x86.Build.0 = Debug|Win32
		{27A3D80C-B1E0-4F03-B5E6-BAF18ADEAE57}.Release|x64.ActiveCfg = Release|x64
		{27A3D80C-B1E0-4F03-B5E6-BAF18ADEAE57}.Release|x64.Build.0 = Release|x64
		{27A3D80C-B1E0-4F03-B5E6-BAF18ADEAE57}.Release|x86.ActiveCfg = Release|Win32
		{27A3D80C-B1E0-4F03-B5E6-BAF18ADEAE57}.Release|x86.Build.0 = Release|Win32
		{A8855D31-F91A-4771-A5DE-B5598664E204}.Debug|x64.ActiveCfg = Debug|x64
		{A8855D31-F91A-4771-A5DE-B5598664E204}.Debug|x64.Build.0 = Debug|x64
		{A8855D31-F91A-4771-A5DE-B5598664E204}.Debug|x86.ActiveCfg = Debug|Win32
		{A8855D31-F91A-4771-A5DE-B5598664E204}.Debug|x86.Build.0 = Debug|Win32
		{A8855D31-F91A-4771-A5DE-B5598664E204}.Release|x64.ActiveCfg = Release|x64
		{A8855D31-F91A-4771-A5DE-B5598664E204}.Release|x64.Build.0 = Release|x64
		{A8855D31-F91A-4771-A5DE-B5598664E204}.Release|x86.ActiveCfg = Release|Win32
		{A8855D31-F91A-4771-A5DE-B5598664E204}.Release|x86.Build.0 = Release|Win32
		{92160126-C66D-447F-90EC-3D23491B662E}.Debug|x64.ActiveCfg = Debug|x64
		{92160126-C66D-447F-90EC-3D23491B662E}.Debug|x64.Build.0 = Debug|x64
		{92160126-C66D-447F-90EC-3D23491B662E}.Debug|x86.ActiveCfg = Debug|Win32
		{92160126-C66D-447F-90EC-3D23491B662E}.Debug|x86.Build.0 = Debug|Win32
		{92160126-C66D-447F-90EC-3D23491B662E}.Release|x64.ActiveCfg = Release|x64
		{92160126-C66D-447F-90EC-3D23491B662E}.Release|x64.Build.0 = Release|x64
		{92160126-C66D-447F-90EC-3D23491B662E}.Release|x86.ActiveCfg = Release|Win32
		{92160126-C66D-447F-90EC-3D23491B662E}.Release|x86.Build.0 = Release|Win32
		{D1D33D31-403E-4713-A0C4-36EECFAC8351}.Debug|x64.ActiveCfg = Debug|x64
		{D1D33D31-403E-4713-A0C4-36EECFAC8351}.Debug|x64.Build.0 = Debug|x64
		{D1D33D31-403E-4713-A0C4-36EECFAC8351}.Debug|x86.ActiveCfg = Debug|Win32
		{D1D33D31-403E-4713-A0C4-36EECFAC8351}.Debug|x86.Build.0 = Debug|Win32
		{D1D33D31-403E-4713-A0C4-36EECFAC8351}.Release|x64.ActiveCfg = Release|x64
		{D1D33D31-403E-4713-A0C4-36EECFAC8351}.Release|x64.Build.0 = Release|x64
		{D1D33D31-403E-4713-A0C4-36EECFAC8351}.Release|x86.ActiveCfg = Release|Win32
		{D1D33D31-403E-4713-A0C4-36EECFAC8351}.Release|x86.Build.0 = Release|Win32
		{14A72AFD-570A-4AC7-BA44-6C92218125C4}.Debug|x64.ActiveCfg = Debug|x64
		{14A72AFD-570A-4AC7-BA44-6C92218125C4}.Debug|x64.Build.0 = Debug|x64
		{14A72AFD-570A-4AC7-BA44-6C92218125C4}.Debug|x86.ActiveCfg = Debug|Win32
		{14A72AFD-570A-4AC7-BA44-6C92218125C4}.Debug|x86.Build.0 = Debug|Win32
		{14A72AFD-570A-4AC7-BA44-6C92218125C4}.Release|x64.ActiveCfg = Release|x64
		{14A72AFD-570A-4AC7-BA44-6C92218125C4}.Release|x64.Build.0 = Release|x64
		{14A72AFD-570A-4AC7-BA44-6C92218125C4}.Release|x86.ActiveCfg = Release|Win32
		{14A72AFD-570A-4AC7-BA44-6C92218125C4}.Release|x86.Build.0 = Release|Win32
		{148B58C4-DF02-4B16-89A9-69C824A62B57}.Debug|x64.ActiveCfg = Debug|x64
		{148B58C4-DF02-4B16-89A9-69C824A62B57}.Debug|x64.Build.0 = Debug|x64
		{148B58C4-DF02-4B16-89A9-69C824A62B57}.Debug|x86.ActiveCfg = Debug|Win32
		{148B58C4-DF02-4B16-89A9-69C824A62B57}.Debug|x86.Build.0 = Debug|Win32
		{148B58C4-DF02-4B16-89A9-69C824A62B57}.Release|x64.ActiveCfg = Release|x64
		{148B58C4-DF02-4B16-89A9-69C824A62B57}.Release|x64.Build.0 = Release|x64
		{148B58C4-DF02-4B16-89A9-69C824A62B57}.Release|x86.ActiveCfg = Release|Win32
		{148B58C4-DF02-4B16-89A9-69C824A62B57}.Release|x86.Build.0 = Release|Win32
		{E58357AA-D310-4093-9F3B-73578D8CE7D5}.Debug|x64.ActiveCfg = Debug|x64
		{E58357AA-D310-4093-9F3B-73578D8CE7D5}.Debug|x64.Build.0 = Debug|x64
		{E58357AA-D310-4093-9F3B-73578D8CE7D5}.Debug|x86.ActiveCfg = Debug|Win32
		{E58357AA-D310-4093-9F3B-73578D8CE7D5}.Debug|x86.Build.0 = Debug|Win32
		{E58357AA-D310-4093-9F3B-73578D8CE7D5}.Release|x64.ActiveCfg = Release|x64
		{E58357AA-D310-4093-9F3B-73578D8CE7D5}.Release|x64.Build.0 = Release|x64
		{E58357AA-D310-4093-9F3B-73578D8CE7D5}.Release|x86.ActiveCfg = Release|Win32
		{E58357AA-D310-4093-9F3B-73578D8CE7D5}.Release|x86.Build.0 = Release|Win32
		{BC872693-1787-4FD5-ABFB-2C25BFABDDB6}.Debug|x64.ActiveCfg = Debug|x64
		{BC872693-1787-4FD5-ABFB-2C25BFABDDB6}.Debug|x64.Build.0 = Debug|x64
		{BC872693-1787-4FD5-ABFB-2C25BFABDDB6}.Debug|x86.ActiveCfg = Debug|Win32
		{BC872693-1787-4FD5-ABFB-2C25BFABDDB6}.Debug|x86.Build.0 = Debug|Win32
		{BC872693-1787-4FD5-ABFB-2C25BFABDDB6}.Release|x64.ActiveCfg = Release|x64
		{BC872693-1787-4FD5-ABFB-2C25BFABDDB6}.Release|x64.Build.0 = Release|x64
		{BC872693-1787-4FD5-ABFB-2C25BFABDDB6}.Release|x86.ActiveCfg = Release|Win32
		{BC872693-1787-4FD5-ABFB-2C25BFABDDB6}.Release|x86.Build.0 = Release|Win32
		{0A4E8AB0-4DEB-4F6A-8FDE-F4646AED55B9}.Debug|x64.ActiveCfg = Debug|x64
		{0A4E8AB0-4DEB-4F6A-8FDE-F4646AED55B9}.Debug|x64.Build.0 = Debug|x64
		{0A4E8AB0-4DEB-4F6A-8FDE-F4646AED55B9}.Debug|x86.ActiveCfg = Debug|Win32
		{0A4E8AB0-4DEB-4F6A-8FDE-F4646AED55B9}.Debug|x86.Build.0 = Debug|Win32
		{0A4E8AB0-4DEB-4F6A-8FDE-F4646AED55B9}.Release|x64.ActiveCfg = Release|x64
		{0A4E8AB0-4DEB-4F6A-8FDE-F4646AED55B9}.Release|x64.Build.0 = Release|x64
		{0A4E8AB0-4DEB-4F6A-8FDE-F4646AED55B9}.Release|x86.ActiveCfg = Release|Win32
		{0A4E8AB0-4DEB-4F6A-8FDE-F4646AED55B9}.Release|x86.Build.0 = Release|Win32
	EndGlobalSection
	GlobalSection(SolutionProperties) = preSolution
		HideSolutionNode = FALSE
	EndGlobalSection
	GlobalSection(ExtensibilityGlobals) = postSolution
		SolutionGuid = {FA8B1404-24F2-478D-8BCD-98A7DA11A5E9}
	EndGlobalSection
EndGlobal
