
Microsoft Visual Studio Solution File, Format Version 12.00
# Visual Studio 15
VisualStudioVersion = 15.0.28307.757
MinimumVisualStudioVersion = 10.0.40219.1
Project("{8BC9CEB8-8B4A-11D0-8D11-00A0C91BC942}") = "CH_8_03", "CH_8_03\CH_8_03.vcxproj", "{CFEA9261-3A1D-47F6-8667-AC8CE5613C73}"
EndProject
Project("{8BC9CEB8-8B4A-11D0-8D11-00A0C91BC942}") = "CH_8_04", "CH_8_04\CH_8_04.vcxproj", "{59E33E92-B48D-4D39-8EC3-1FCF20B9A52A}"
EndProject
Project("{8BC9CEB8-8B4A-11D0-8D11-00A0C91BC942}") = "CH_8_05", "CH_8_05\CH_8_05.vcxproj", "{F7ED6413-F705-4F33-9B60-CFE5CA340DF7}"
EndProject
Project("{8BC9CEB8-8B4A-11D0-8D11-00A0C91BC942}") = "CH_8_06", "CH_8_06\CH_8_06.vcxproj", "{BA382FC7-F229-422A-9F6E-8FC0DFD72B14}"
EndProject
Project("{8BC9CEB8-8B4A-11D0-8D11-00A0C91BC942}") = "CH_8_07", "CH_8_07\CH_8_07.vcxproj", "{A9D71748-052D-4449-B836-918E93DB8FD0}"
EndProject
Project("{8BC9CEB8-8B4A-11D0-8D11-00A0C91BC942}") = "CH_8_08", "CH_8_08\CH_8_08.vcxproj", "{8928B3A8-8B90-4A70-81D8-0177687CA217}"
EndProject
Project("{8BC9CEB8-8B4A-11D0-8D11-00A0C91BC942}") = "CH_8_09", "CH_8_09\CH_8_09.vcxproj", "{BDC4BC75-82F0-4EC4-9062-4EAEDBE1884E}"
EndProject
Project("{8BC9CEB8-8B4A-11D0-8D11-00A0C91BC942}") = "CH_8_10", "CH_8_10\CH_8_10.vcxproj", "{AB515A4D-4D20-407F-AD4A-ED83DBB5957E}"
EndProject
Project("{8BC9CEB8-8B4A-11D0-8D11-00A0C91BC942}") = "CH_8_11", "CH_8_11\CH_8_11.vcxproj", "{621FAF80-A86C-428E-B229-B24C63CE42E9}"
EndProject
Project("{8BC9CEB8-8B4A-11D0-8D11-00A0C91BC942}") = "CH_8_12", "CH_8_12\CH_8_12.vcxproj", "{DFE970E4-CAF4-49D2-B171-AA022592AEE3}"
EndProject
Project("{8BC9CEB8-8B4A-11D0-8D11-00A0C91BC942}") = "CH_8_13", "CH_8_13\CH_8_13.vcxproj", "{1D6637B4-4DFD-4A00-BE10-023DDD2544A7}"
EndProject
Project("{8BC9CEB8-8B4A-11D0-8D11-00A0C91BC942}") = "CH_8_14", "CH_8_14\CH_8_14.vcxproj", "{88BF01CB-5C38-418D-8F1F-E0F69D7648B6}"
EndProject
Project("{8BC9CEB8-8B4A-11D0-8D11-00A0C91BC942}") = "CH_8_15", "CH_8_15\CH_8_15.vcxproj", "{73CE53A5-A1CC-44B8-BF11-7E485D517DCD}"
EndProject
Project("{8BC9CEB8-8B4A-11D0-8D11-00A0C91BC942}") = "CH_8_01", "CH_8_01\CH_8_01.vcxproj", "{A5B2E3BE-5D3A-4D84-9656-4C4ACEAE00C3}"
EndProject
Project("{8BC9CEB8-8B4A-11D0-8D11-00A0C91BC942}") = "CH_8_02", "CH_8_02\CH_8_02.vcxproj", "{68239E44-C520-410F-AF5A-27CFD7A694E4}"
EndProject
Global
	GlobalSection(SolutionConfigurationPlatforms) = preSolution
		Debug|x64 = Debug|x64
		Debug|x86 = Debug|x86
		Release|x64 = Release|x64
		Release|x86 = Release|x86
	EndGlobalSection
	GlobalSection(ProjectConfigurationPlatforms) = postSolution
		{CFEA9261-3A1D-47F6-8667-AC8CE5613C73}.Debug|x64.ActiveCfg = Debug|x64
		{CFEA9261-3A1D-47F6-8667-AC8CE5613C73}.Debug|x64.Build.0 = Debug|x64
		{CFEA9261-3A1D-47F6-8667-AC8CE5613C73}.Debug|x86.ActiveCfg = Debug|Win32
		{CFEA9261-3A1D-47F6-8667-AC8CE5613C73}.Debug|x86.Build.0 = Debug|Win32
		{CFEA9261-3A1D-47F6-8667-AC8CE5613C73}.Release|x64.ActiveCfg = Release|x64
		{CFEA9261-3A1D-47F6-8667-AC8CE5613C73}.Release|x64.Build.0 = Release|x64
		{CFEA9261-3A1D-47F6-8667-AC8CE5613C73}.Release|x86.ActiveCfg = Release|Win32
		{CFEA9261-3A1D-47F6-8667-AC8CE5613C73}.Release|x86.Build.0 = Release|Win32
		{59E33E92-B48D-4D39-8EC3-1FCF20B9A52A}.Debug|x64.ActiveCfg = Debug|x64
		{59E33E92-B48D-4D39-8EC3-1FCF20B9A52A}.Debug|x64.Build.0 = Debug|x64
		{59E33E92-B48D-4D39-8EC3-1FCF20B9A52A}.Debug|x86.ActiveCfg = Debug|Win32
		{59E33E92-B48D-4D39-8EC3-1FCF20B9A52A}.Debug|x86.Build.0 = Debug|Win32
		{59E33E92-B48D-4D39-8EC3-1FCF20B9A52A}.Release|x64.ActiveCfg = Release|x64
		{59E33E92-B48D-4D39-8EC3-1FCF20B9A52A}.Release|x64.Build.0 = Release|x64
		{59E33E92-B48D-4D39-8EC3-1FCF20B9A52A}.Release|x86.ActiveCfg = Release|Win32
		{59E33E92-B48D-4D39-8EC3-1FCF20B9A52A}.Release|x86.Build.0 = Release|Win32
		{F7ED6413-F705-4F33-9B60-CFE5CA340DF7}.Debug|x64.ActiveCfg = Debug|x64
		{F7ED6413-F705-4F33-9B60-CFE5CA340DF7}.Debug|x64.Build.0 = Debug|x64
		{F7ED6413-F705-4F33-9B60-CFE5CA340DF7}.Debug|x86.ActiveCfg = Debug|Win32
		{F7ED6413-F705-4F33-9B60-CFE5CA340DF7}.Debug|x86.Build.0 = Debug|Win32
		{F7ED6413-F705-4F33-9B60-CFE5CA340DF7}.Release|x64.ActiveCfg = Release|x64
		{F7ED6413-F705-4F33-9B60-CFE5CA340DF7}.Release|x64.Build.0 = Release|x64
		{F7ED6413-F705-4F33-9B60-CFE5CA340DF7}.Release|x86.ActiveCfg = Release|Win32
		{F7ED6413-F705-4F33-9B60-CFE5CA340DF7}.Release|x86.Build.0 = Release|Win32
		{BA382FC7-F229-422A-9F6E-8FC0DFD72B14}.Debug|x64.ActiveCfg = Debug|x64
		{BA382FC7-F229-422A-9F6E-8FC0DFD72B14}.Debug|x64.Build.0 = Debug|x64
		{BA382FC7-F229-422A-9F6E-8FC0DFD72B14}.Debug|x86.ActiveCfg = Debug|Win32
		{BA382FC7-F229-422A-9F6E-8FC0DFD72B14}.Debug|x86.Build.0 = Debug|Win32
		{BA382FC7-F229-422A-9F6E-8FC0DFD72B14}.Release|x64.ActiveCfg = Release|x64
		{BA382FC7-F229-422A-9F6E-8FC0DFD72B14}.Release|x64.Build.0 = Release|x64
		{BA382FC7-F229-422A-9F6E-8FC0DFD72B14}.Release|x86.ActiveCfg = Release|Win32
		{BA382FC7-F229-422A-9F6E-8FC0DFD72B14}.Release|x86.Build.0 = Release|Win32
		{A9D71748-052D-4449-B836-918E93DB8FD0}.Debug|x64.ActiveCfg = Debug|x64
		{A9D71748-052D-4449-B836-918E93DB8FD0}.Debug|x64.Build.0 = Debug|x64
		{A9D71748-052D-4449-B836-918E93DB8FD0}.Debug|x86.ActiveCfg = Debug|Win32
		{A9D71748-052D-4449-B836-918E93DB8FD0}.Debug|x86.Build.0 = Debug|Win32
		{A9D71748-052D-4449-B836-918E93DB8FD0}.Release|x64.ActiveCfg = Release|x64
		{A9D71748-052D-4449-B836-918E93DB8FD0}.Release|x64.Build.0 = Release|x64
		{A9D71748-052D-4449-B836-918E93DB8FD0}.Release|x86.ActiveCfg = Release|Win32
		{A9D71748-052D-4449-B836-918E93DB8FD0}.Release|x86.Build.0 = Release|Win32
		{8928B3A8-8B90-4A70-81D8-0177687CA217}.Debug|x64.ActiveCfg = Debug|x64
		{8928B3A8-8B90-4A70-81D8-0177687CA217}.Debug|x64.Build.0 = Debug|x64
		{8928B3A8-8B90-4A70-81D8-0177687CA217}.Debug|x86.ActiveCfg = Debug|Win32
		{8928B3A8-8B90-4A70-81D8-0177687CA217}.Debug|x86.Build.0 = Debug|Win32
		{8928B3A8-8B90-4A70-81D8-0177687CA217}.Release|x64.ActiveCfg = Release|x64
		{8928B3A8-8B90-4A70-81D8-0177687CA217}.Release|x64.Build.0 = Release|x64
		{8928B3A8-8B90-4A70-81D8-0177687CA217}.Release|x86.ActiveCfg = Release|Win32
		{8928B3A8-8B90-4A70-81D8-0177687CA217}.Release|x86.Build.0 = Release|Win32
		{BDC4BC75-82F0-4EC4-9062-4EAEDBE1884E}.Debug|x64.ActiveCfg = Debug|x64
		{BDC4BC75-82F0-4EC4-9062-4EAEDBE1884E}.Debug|x64.Build.0 = Debug|x64
		{BDC4BC75-82F0-4EC4-9062-4EAEDBE1884E}.Debug|x86.ActiveCfg = Debug|Win32
		{BDC4BC75-82F0-4EC4-9062-4EAEDBE1884E}.Debug|x86.Build.0 = Debug|Win32
		{BDC4BC75-82F0-4EC4-9062-4EAEDBE1884E}.Release|x64.ActiveCfg = Release|x64
		{BDC4BC75-82F0-4EC4-9062-4EAEDBE1884E}.Release|x64.Build.0 = Release|x64
		{BDC4BC75-82F0-4EC4-9062-4EAEDBE1884E}.Release|x86.ActiveCfg = Release|Win32
		{BDC4BC75-82F0-4EC4-9062-4EAEDBE1884E}.Release|x86.Build.0 = Release|Win32
		{AB515A4D-4D20-407F-AD4A-ED83DBB5957E}.Debug|x64.ActiveCfg = Debug|x64
		{AB515A4D-4D20-407F-AD4A-ED83DBB5957E}.Debug|x64.Build.0 = Debug|x64
		{AB515A4D-4D20-407F-AD4A-ED83DBB5957E}.Debug|x86.ActiveCfg = Debug|Win32
		{AB515A4D-4D20-407F-AD4A-ED83DBB5957E}.Debug|x86.Build.0 = Debug|Win32
		{AB515A4D-4D20-407F-AD4A-ED83DBB5957E}.Release|x64.ActiveCfg = Release|x64
		{AB515A4D-4D20-407F-AD4A-ED83DBB5957E}.Release|x64.Build.0 = Release|x64
		{AB515A4D-4D20-407F-AD4A-ED83DBB5957E}.Release|x86.ActiveCfg = Release|Win32
		{AB515A4D-4D20-407F-AD4A-ED83DBB5957E}.Release|x86.Build.0 = Release|Win32
		{621FAF80-A86C-428E-B229-B24C63CE42E9}.Debug|x64.ActiveCfg = Debug|x64
		{621FAF80-A86C-428E-B229-B24C63CE42E9}.Debug|x64.Build.0 = Debug|x64
		{621FAF80-A86C-428E-B229-B24C63CE42E9}.Debug|x86.ActiveCfg = Debug|Win32
		{621FAF80-A86C-428E-B229-B24C63CE42E9}.Debug|x86.Build.0 = Debug|Win32
		{621FAF80-A86C-428E-B229-B24C63CE42E9}.Release|x64.ActiveCfg = Release|x64
		{621FAF80-A86C-428E-B229-B24C63CE42E9}.Release|x64.Build.0 = Release|x64
		{621FAF80-A86C-428E-B229-B24C63CE42E9}.Release|x86.ActiveCfg = Release|Win32
		{621FAF80-A86C-428E-B229-B24C63CE42E9}.Release|x86.Build.0 = Release|Win32
		{DFE970E4-CAF4-49D2-B171-AA022592AEE3}.Debug|x64.ActiveCfg = Debug|x64
		{DFE970E4-CAF4-49D2-B171-AA022592AEE3}.Debug|x64.Build.0 = Debug|x64
		{DFE970E4-CAF4-49D2-B171-AA022592AEE3}.Debug|x86.ActiveCfg = Debug|Win32
		{DFE970E4-CAF4-49D2-B171-AA022592AEE3}.Debug|x86.Build.0 = Debug|Win32
		{DFE970E4-CAF4-49D2-B171-AA022592AEE3}.Release|x64.ActiveCfg = Release|x64
		{DFE970E4-CAF4-49D2-B171-AA022592AEE3}.Release|x64.Build.0 = Release|x64
		{DFE970E4-CAF4-49D2-B171-AA022592AEE3}.Release|x86.ActiveCfg = Release|Win32
		{DFE970E4-CAF4-49D2-B171-AA022592AEE3}.Release|x86.Build.0 = Release|Win32
		{1D6637B4-4DFD-4A00-BE10-023DDD2544A7}.Debug|x64.ActiveCfg = Debug|x64
		{1D6637B4-4DFD-4A00-BE10-023DDD2544A7}.Debug|x64.Build.0 = Debug|x64
		{1D6637B4-4DFD-4A00-BE10-023DDD2544A7}.Debug|x86.ActiveCfg = Debug|Win32
		{1D6637B4-4DFD-4A00-BE10-023DDD2544A7}.Debug|x86.Build.0 = Debug|Win32
		{1D6637B4-4DFD-4A00-BE10-023DDD2544A7}.Release|x64.ActiveCfg = Release|x64
		{1D6637B4-4DFD-4A00-BE10-023DDD2544A7}.Release|x64.Build.0 = Release|x64
		{1D6637B4-4DFD-4A00-BE10-023DDD2544A7}.Release|x86.ActiveCfg = Release|Win32
		{1D6637B4-4DFD-4A00-BE10-023DDD2544A7}.Release|x86.Build.0 = Release|Win32
		{88BF01CB-5C38-418D-8F1F-E0F69D7648B6}.Debug|x64.ActiveCfg = Debug|x64
		{88BF01CB-5C38-418D-8F1F-E0F69D7648B6}.Debug|x64.Build.0 = Debug|x64
		{88BF01CB-5C38-418D-8F1F-E0F69D7648B6}.Debug|x86.ActiveCfg = Debug|Win32
		{88BF01CB-5C38-418D-8F1F-E0F69D7648B6}.Debug|x86.Build.0 = Debug|Win32
		{88BF01CB-5C38-418D-8F1F-E0F69D7648B6}.Release|x64.ActiveCfg = Release|x64
		{88BF01CB-5C38-418D-8F1F-E0F69D7648B6}.Release|x64.Build.0 = Release|x64
		{88BF01CB-5C38-418D-8F1F-E0F69D7648B6}.Release|x86.ActiveCfg = Release|Win32
		{88BF01CB-5C38-418D-8F1F-E0F69D7648B6}.Release|x86.Build.0 = Release|Win32
		{73CE53A5-A1CC-44B8-BF11-7E485D517DCD}.Debug|x64.ActiveCfg = Debug|x64
		{73CE53A5-A1CC-44B8-BF11-7E485D517DCD}.Debug|x64.Build.0 = Debug|x64
		{73CE53A5-A1CC-44B8-BF11-7E485D517DCD}.Debug|x86.ActiveCfg = Debug|Win32
		{73CE53A5-A1CC-44B8-BF11-7E485D517DCD}.Debug|x86.Build.0 = Debug|Win32
		{73CE53A5-A1CC-44B8-BF11-7E485D517DCD}.Release|x64.ActiveCfg = Release|x64
		{73CE53A5-A1CC-44B8-BF11-7E485D517DCD}.Release|x64.Build.0 = Release|x64
		{73CE53A5-A1CC-44B8-BF11-7E485D517DCD}.Release|x86.ActiveCfg = Release|Win32
		{73CE53A5-A1CC-44B8-BF11-7E485D517DCD}.Release|x86.Build.0 = Release|Win32
		{A5B2E3BE-5D3A-4D84-9656-4C4ACEAE00C3}.Debug|x64.ActiveCfg = Debug|x64
		{A5B2E3BE-5D3A-4D84-9656-4C4ACEAE00C3}.Debug|x64.Build.0 = Debug|x64
		{A5B2E3BE-5D3A-4D84-9656-4C4ACEAE00C3}.Debug|x86.ActiveCfg = Debug|Win32
		{A5B2E3BE-5D3A-4D84-9656-4C4ACEAE00C3}.Debug|x86.Build.0 = Debug|Win32
		{A5B2E3BE-5D3A-4D84-9656-4C4ACEAE00C3}.Release|x64.ActiveCfg = Release|x64
		{A5B2E3BE-5D3A-4D84-9656-4C4ACEAE00C3}.Release|x64.Build.0 = Release|x64
		{A5B2E3BE-5D3A-4D84-9656-4C4ACEAE00C3}.Release|x86.ActiveCfg = Release|Win32
		{A5B2E3BE-5D3A-4D84-9656-4C4ACEAE00C3}.Release|x86.Build.0 = Release|Win32
		{68239E44-C520-410F-AF5A-27CFD7A694E4}.Debug|x64.ActiveCfg = Debug|x64
		{68239E44-C520-410F-AF5A-27CFD7A694E4}.Debug|x64.Build.0 = Debug|x64
		{68239E44-C520-410F-AF5A-27CFD7A694E4}.Debug|x86.ActiveCfg = Debug|Win32
		{68239E44-C520-410F-AF5A-27CFD7A694E4}.Debug|x86.Build.0 = Debug|Win32
		{68239E44-C520-410F-AF5A-27CFD7A694E4}.Release|x64.ActiveCfg = Release|x64
		{68239E44-C520-410F-AF5A-27CFD7A694E4}.Release|x64.Build.0 = Release|x64
		{68239E44-C520-410F-AF5A-27CFD7A694E4}.Release|x86.ActiveCfg = Release|Win32
		{68239E44-C520-410F-AF5A-27CFD7A694E4}.Release|x86.Build.0 = Release|Win32
	EndGlobalSection
	GlobalSection(SolutionProperties) = preSolution
		HideSolutionNode = FALSE
	EndGlobalSection
	GlobalSection(ExtensibilityGlobals) = postSolution
		SolutionGuid = {A6658C41-6E00-4D9C-97A7-6312B970E70F}
	EndGlobalSection
EndGlobal
