
Microsoft Visual Studio Solution File, Format Version 12.00
# Visual Studio 15
VisualStudioVersion = 15.0.28307.779
MinimumVisualStudioVersion = 10.0.40219.1
Project("{8BC9CEB8-8B4A-11D0-8D11-00A0C91BC942}") = "CH_11_01", "CH_11\CH_11.vcxproj", "{6E18A619-5E4F-4F60-BD05-AA366EFEC91A}"
EndProject
Project("{8BC9CEB8-8B4A-11D0-8D11-00A0C91BC942}") = "CH_11_02", "CH_11_02\CH_11_02.vcxproj", "{770466E0-54DF-4EFF-9E8B-4D7F05C0DEB6}"
EndProject
Project("{8BC9CEB8-8B4A-11D0-8D11-00A0C91BC942}") = "CH_11_03", "CH_11_03\CH_11_03.vcxproj", "{96E93666-57EA-4F34-891C-7684F42DD47D}"
EndProject
Project("{8BC9CEB8-8B4A-11D0-8D11-00A0C91BC942}") = "CH_11_04", "CH_11_04\CH_11_04.vcxproj", "{7980C500-CE9C-4451-8326-68D7C427F6AE}"
EndProject
Project("{8BC9CEB8-8B4A-11D0-8D11-00A0C91BC942}") = "CH_11_05", "CH_11_05\CH_11_05.vcxproj", "{74723762-1A8F-4F94-B85A-518D3C44D3D5}"
EndProject
Project("{8BC9CEB8-8B4A-11D0-8D11-00A0C91BC942}") = "CH_11_06", "CH_11_06\CH_11_06.vcxproj", "{872D08D3-C395-4F4F-B13E-106DEB4641F2}"
EndProject
Project("{8BC9CEB8-8B4A-11D0-8D11-00A0C91BC942}") = "CH_11_07", "CH_11_07\CH_11_07.vcxproj", "{FDF3862D-C7BC-45FD-833B-5A668B7A961E}"
EndProject
Project("{8BC9CEB8-8B4A-11D0-8D11-00A0C91BC942}") = "CH_11_08", "CH_11_08\CH_11_08.vcxproj", "{3A8DB3DB-8A9D-474F-99AA-7952507EF56B}"
EndProject
Project("{8BC9CEB8-8B4A-11D0-8D11-00A0C91BC942}") = "CH_11_09", "CH_11_09\CH_11_09.vcxproj", "{E5C0C6EE-F9FA-4EF2-B4CC-96281AE8131B}"
EndProject
Global
	GlobalSection(SolutionConfigurationPlatforms) = preSolution
		Debug|x64 = Debug|x64
		Debug|x86 = Debug|x86
		Release|x64 = Release|x64
		Release|x86 = Release|x86
	EndGlobalSection
	GlobalSection(ProjectConfigurationPlatforms) = postSolution
		{6E18A619-5E4F-4F60-BD05-AA366EFEC91A}.Debug|x64.ActiveCfg = Debug|x64
		{6E18A619-5E4F-4F60-BD05-AA366EFEC91A}.Debug|x64.Build.0 = Debug|x64
		{6E18A619-5E4F-4F60-BD05-AA366EFEC91A}.Debug|x86.ActiveCfg = Debug|Win32
		{6E18A619-5E4F-4F60-BD05-AA366EFEC91A}.Debug|x86.Build.0 = Debug|Win32
		{6E18A619-5E4F-4F60-BD05-AA366EFEC91A}.Release|x64.ActiveCfg = Release|x64
		{6E18A619-5E4F-4F60-BD05-AA366EFEC91A}.Release|x64.Build.0 = Release|x64
		{6E18A619-5E4F-4F60-BD05-AA366EFEC91A}.Release|x86.ActiveCfg = Release|Win32
		{6E18A619-5E4F-4F60-BD05-AA366EFEC91A}.Release|x86.Build.0 = Release|Win32
		{770466E0-54DF-4EFF-9E8B-4D7F05C0DEB6}.Debug|x64.ActiveCfg = Debug|x64
		{770466E0-54DF-4EFF-9E8B-4D7F05C0DEB6}.Debug|x64.Build.0 = Debug|x64
		{770466E0-54DF-4EFF-9E8B-4D7F05C0DEB6}.Debug|x86.ActiveCfg = Debug|Win32
		{770466E0-54DF-4EFF-9E8B-4D7F05C0DEB6}.Debug|x86.Build.0 = Debug|Win32
		{770466E0-54DF-4EFF-9E8B-4D7F05C0DEB6}.Release|x64.ActiveCfg = Release|x64
		{770466E0-54DF-4EFF-9E8B-4D7F05C0DEB6}.Release|x64.Build.0 = Release|x64
		{770466E0-54DF-4EFF-9E8B-4D7F05C0DEB6}.Release|x86.ActiveCfg = Release|Win32
		{770466E0-54DF-4EFF-9E8B-4D7F05C0DEB6}.Release|x86.Build.0 = Release|Win32
		{96E93666-57EA-4F34-891C-7684F42DD47D}.Debug|x64.ActiveCfg = Debug|x64
		{96E93666-57EA-4F34-891C-7684F42DD47D}.Debug|x64.Build.0 = Debug|x64
		{96E93666-57EA-4F34-891C-7684F42DD47D}.Debug|x86.ActiveCfg = Debug|Win32
		{96E93666-57EA-4F34-891C-7684F42DD47D}.Debug|x86.Build.0 = Debug|Win32
		{96E93666-57EA-4F34-891C-7684F42DD47D}.Release|x64.ActiveCfg = Release|x64
		{96E93666-57EA-4F34-891C-7684F42DD47D}.Release|x64.Build.0 = Release|x64
		{96E93666-57EA-4F34-891C-7684F42DD47D}.Release|x86.ActiveCfg = Release|Win32
		{96E93666-57EA-4F34-891C-7684F42DD47D}.Release|x86.Build.0 = Release|Win32
		{7980C500-CE9C-4451-8326-68D7C427F6AE}.Debug|x64.ActiveCfg = Debug|x64
		{7980C500-CE9C-4451-8326-68D7C427F6AE}.Debug|x64.Build.0 = Debug|x64
		{7980C500-CE9C-4451-8326-68D7C427F6AE}.Debug|x86.ActiveCfg = Debug|Win32
		{7980C500-CE9C-4451-8326-68D7C427F6AE}.Debug|x86.Build.0 = Debug|Win32
		{7980C500-CE9C-4451-8326-68D7C427F6AE}.Release|x64.ActiveCfg = Release|x64
		{7980C500-CE9C-4451-8326-68D7C427F6AE}.Release|x64.Build.0 = Release|x64
		{7980C500-CE9C-4451-8326-68D7C427F6AE}.Release|x86.ActiveCfg = Release|Win32
		{7980C500-CE9C-4451-8326-68D7C427F6AE}.Release|x86.Build.0 = Release|Win32
		{74723762-1A8F-4F94-B85A-518D3C44D3D5}.Debug|x64.ActiveCfg = Debug|x64
		{74723762-1A8F-4F94-B85A-518D3C44D3D5}.Debug|x64.Build.0 = Debug|x64
		{74723762-1A8F-4F94-B85A-518D3C44D3D5}.Debug|x86.ActiveCfg = Debug|Win32
		{74723762-1A8F-4F94-B85A-518D3C44D3D5}.Debug|x86.Build.0 = Debug|Win32
		{74723762-1A8F-4F94-B85A-518D3C44D3D5}.Release|x64.ActiveCfg = Release|x64
		{74723762-1A8F-4F94-B85A-518D3C44D3D5}.Release|x64.Build.0 = Release|x64
		{74723762-1A8F-4F94-B85A-518D3C44D3D5}.Release|x86.ActiveCfg = Release|Win32
		{74723762-1A8F-4F94-B85A-518D3C44D3D5}.Release|x86.Build.0 = Release|Win32
		{872D08D3-C395-4F4F-B13E-106DEB4641F2}.Debug|x64.ActiveCfg = Debug|x64
		{872D08D3-C395-4F4F-B13E-106DEB4641F2}.Debug|x64.Build.0 = Debug|x64
		{872D08D3-C395-4F4F-B13E-106DEB4641F2}.Debug|x86.ActiveCfg = Debug|Win32
		{872D08D3-C395-4F4F-B13E-106DEB4641F2}.Debug|x86.Build.0 = Debug|Win32
		{872D08D3-C395-4F4F-B13E-106DEB4641F2}.Release|x64.ActiveCfg = Release|x64
		{872D08D3-C395-4F4F-B13E-106DEB4641F2}.Release|x64.Build.0 = Release|x64
		{872D08D3-C395-4F4F-B13E-106DEB4641F2}.Release|x86.ActiveCfg = Release|Win32
		{872D08D3-C395-4F4F-B13E-106DEB4641F2}.Release|x86.Build.0 = Release|Win32
		{FDF3862D-C7BC-45FD-833B-5A668B7A961E}.Debug|x64.ActiveCfg = Debug|x64
		{FDF3862D-C7BC-45FD-833B-5A668B7A961E}.Debug|x64.Build.0 = Debug|x64
		{FDF3862D-C7BC-45FD-833B-5A668B7A961E}.Debug|x86.ActiveCfg = Debug|Win32
		{FDF3862D-C7BC-45FD-833B-5A668B7A961E}.Debug|x86.Build.0 = Debug|Win32
		{FDF3862D-C7BC-45FD-833B-5A668B7A961E}.Release|x64.ActiveCfg = Release|x64
		{FDF3862D-C7BC-45FD-833B-5A668B7A961E}.Release|x64.Build.0 = Release|x64
		{FDF3862D-C7BC-45FD-833B-5A668B7A961E}.Release|x86.ActiveCfg = Release|Win32
		{FDF3862D-C7BC-45FD-833B-5A668B7A961E}.Release|x86.Build.0 = Release|Win32
		{3A8DB3DB-8A9D-474F-99AA-7952507EF56B}.Debug|x64.ActiveCfg = Debug|x64
		{3A8DB3DB-8A9D-474F-99AA-7952507EF56B}.Debug|x64.Build.0 = Debug|x64
		{3A8DB3DB-8A9D-474F-99AA-7952507EF56B}.Debug|x86.ActiveCfg = Debug|Win32
		{3A8DB3DB-8A9D-474F-99AA-7952507EF56B}.Debug|x86.Build.0 = Debug|Win32
		{3A8DB3DB-8A9D-474F-99AA-7952507EF56B}.Release|x64.ActiveCfg = Release|x64
		{3A8DB3DB-8A9D-474F-99AA-7952507EF56B}.Release|x64.Build.0 = Release|x64
		{3A8DB3DB-8A9D-474F-99AA-7952507EF56B}.Release|x86.ActiveCfg = Release|Win32
		{3A8DB3DB-8A9D-474F-99AA-7952507EF56B}.Release|x86.Build.0 = Release|Win32
		{E5C0C6EE-F9FA-4EF2-B4CC-96281AE8131B}.Debug|x64.ActiveCfg = Debug|x64
		{E5C0C6EE-F9FA-4EF2-B4CC-96281AE8131B}.Debug|x64.Build.0 = Debug|x64
		{E5C0C6EE-F9FA-4EF2-B4CC-96281AE8131B}.Debug|x86.ActiveCfg = Debug|Win32
		{E5C0C6EE-F9FA-4EF2-B4CC-96281AE8131B}.Debug|x86.Build.0 = Debug|Win32
		{E5C0C6EE-F9FA-4EF2-B4CC-96281AE8131B}.Release|x64.ActiveCfg = Release|x64
		{E5C0C6EE-F9FA-4EF2-B4CC-96281AE8131B}.Release|x64.Build.0 = Release|x64
		{E5C0C6EE-F9FA-4EF2-B4CC-96281AE8131B}.Release|x86.ActiveCfg = Release|Win32
		{E5C0C6EE-F9FA-4EF2-B4CC-96281AE8131B}.Release|x86.Build.0 = Release|Win32
	EndGlobalSection
	GlobalSection(SolutionProperties) = preSolution
		HideSolutionNode = FALSE
	EndGlobalSection
	GlobalSection(ExtensibilityGlobals) = postSolution
		SolutionGuid = {B3C2CC61-8931-44A0-8CBE-997985BECA3D}
	EndGlobalSection
EndGlobal
