
Microsoft Visual Studio Solution File, Format Version 12.00
# Visual Studio 15
VisualStudioVersion = 15.0.28307.705
MinimumVisualStudioVersion = 10.0.40219.1
Project("{8BC9CEB8-8B4A-11D0-8D11-00A0C91BC942}") = "CH_3_1", "CH_3_1\CH_3_1.vcxproj", "{81F932D4-3052-4593-BFEC-1F7CB3904215}"
EndProject
Project("{8BC9CEB8-8B4A-11D0-8D11-00A0C91BC942}") = "CH_3_2", "CH_3_2\CH_3_2.vcxproj", "{FAF6906D-08FC-4BF2-9910-C8ED8C077F58}"
EndProject
Project("{8BC9CEB8-8B4A-11D0-8D11-00A0C91BC942}") = "CH_3_3", "CH_3_3\CH_3_3.vcxproj", "{1FBCE967-AFAD-46E1-A2FF-948EF6CEE250}"
EndProject
Project("{8BC9CEB8-8B4A-11D0-8D11-00A0C91BC942}") = "CH_3_4", "CH_3_4\CH_3_4.vcxproj", "{2A3CB89B-9DEE-44AB-B59C-AEA17530C923}"
EndProject
Project("{8BC9CEB8-8B4A-11D0-8D11-00A0C91BC942}") = "CH_3_5", "CH_3_5\CH_3_5.vcxproj", "{DC4B28F4-8E35-44F3-AAA9-C6A9913A4726}"
EndProject
Project("{8BC9CEB8-8B4A-11D0-8D11-00A0C91BC942}") = "CH_3_6", "CH_3_6\CH_3_6.vcxproj", "{FEA10445-CBC8-4E68-889B-4DF94DBA32B3}"
EndProject
Project("{8BC9CEB8-8B4A-11D0-8D11-00A0C91BC942}") = "CH_3_7", "CH_3_7\CH_3_7.vcxproj", "{2AB38837-2C0A-4F46-A3F3-7FDD042E3D8B}"
EndProject
Project("{8BC9CEB8-8B4A-11D0-8D11-00A0C91BC942}") = "CH_3_8", "CH_3_8\CH_3_8.vcxproj", "{C373759C-5BBA-43B7-9054-06BB615A0FFF}"
EndProject
Project("{8BC9CEB8-8B4A-11D0-8D11-00A0C91BC942}") = "CH_3_9", "CH_3_9\CH_3_9.vcxproj", "{F3B325FD-22FC-4A93-89CE-A3316CD74F38}"
EndProject
Global
	GlobalSection(SolutionConfigurationPlatforms) = preSolution
		Debug|x64 = Debug|x64
		Debug|x86 = Debug|x86
		Release|x64 = Release|x64
		Release|x86 = Release|x86
	EndGlobalSection
	GlobalSection(ProjectConfigurationPlatforms) = postSolution
		{81F932D4-3052-4593-BFEC-1F7CB3904215}.Debug|x64.ActiveCfg = Debug|x64
		{81F932D4-3052-4593-BFEC-1F7CB3904215}.Debug|x64.Build.0 = Debug|x64
		{81F932D4-3052-4593-BFEC-1F7CB3904215}.Debug|x86.ActiveCfg = Debug|Win32
		{81F932D4-3052-4593-BFEC-1F7CB3904215}.Debug|x86.Build.0 = Debug|Win32
		{81F932D4-3052-4593-BFEC-1F7CB3904215}.Release|x64.ActiveCfg = Release|x64
		{81F932D4-3052-4593-BFEC-1F7CB3904215}.Release|x64.Build.0 = Release|x64
		{81F932D4-3052-4593-BFEC-1F7CB3904215}.Release|x86.ActiveCfg = Release|Win32
		{81F932D4-3052-4593-BFEC-1F7CB3904215}.Release|x86.Build.0 = Release|Win32
		{FAF6906D-08FC-4BF2-9910-C8ED8C077F58}.Debug|x64.ActiveCfg = Debug|x64
		{FAF6906D-08FC-4BF2-9910-C8ED8C077F58}.Debug|x64.Build.0 = Debug|x64
		{FAF6906D-08FC-4BF2-9910-C8ED8C077F58}.Debug|x86.ActiveCfg = Debug|Win32
		{FAF6906D-08FC-4BF2-9910-C8ED8C077F58}.Debug|x86.Build.0 = Debug|Win32
		{FAF6906D-08FC-4BF2-9910-C8ED8C077F58}.Release|x64.ActiveCfg = Release|x64
		{FAF6906D-08FC-4BF2-9910-C8ED8C077F58}.Release|x64.Build.0 = Release|x64
		{FAF6906D-08FC-4BF2-9910-C8ED8C077F58}.Release|x86.ActiveCfg = Release|Win32
		{FAF6906D-08FC-4BF2-9910-C8ED8C077F58}.Release|x86.Build.0 = Release|Win32
		{1FBCE967-AFAD-46E1-A2FF-948EF6CEE250}.Debug|x64.ActiveCfg = Debug|x64
		{1FBCE967-AFAD-46E1-A2FF-948EF6CEE250}.Debug|x64.Build.0 = Debug|x64
		{1FBCE967-AFAD-46E1-A2FF-948EF6CEE250}.Debug|x86.ActiveCfg = Debug|Win32
		{1FBCE967-AFAD-46E1-A2FF-948EF6CEE250}.Debug|x86.Build.0 = Debug|Win32
		{1FBCE967-AFAD-46E1-A2FF-948EF6CEE250}.Release|x64.ActiveCfg = Release|x64
		{1FBCE967-AFAD-46E1-A2FF-948EF6CEE250}.Release|x64.Build.0 = Release|x64
		{1FBCE967-AFAD-46E1-A2FF-948EF6CEE250}.Release|x86.ActiveCfg = Release|Win32
		{1FBCE967-AFAD-46E1-A2FF-948EF6CEE250}.Release|x86.Build.0 = Release|Win32
		{2A3CB89B-9DEE-44AB-B59C-AEA17530C923}.Debug|x64.ActiveCfg = Debug|x64
		{2A3CB89B-9DEE-44AB-B59C-AEA17530C923}.Debug|x64.Build.0 = Debug|x64
		{2A3CB89B-9DEE-44AB-B59C-AEA17530C923}.Debug|x86.ActiveCfg = Debug|Win32
		{2A3CB89B-9DEE-44AB-B59C-AEA17530C923}.Debug|x86.Build.0 = Debug|Win32
		{2A3CB89B-9DEE-44AB-B59C-AEA17530C923}.Release|x64.ActiveCfg = Release|x64
		{2A3CB89B-9DEE-44AB-B59C-AEA17530C923}.Release|x64.Build.0 = Release|x64
		{2A3CB89B-9DEE-44AB-B59C-AEA17530C923}.Release|x86.ActiveCfg = Release|Win32
		{2A3CB89B-9DEE-44AB-B59C-AEA17530C923}.Release|x86.Build.0 = Release|Win32
		{DC4B28F4-8E35-44F3-AAA9-C6A9913A4726}.Debug|x64.ActiveCfg = Debug|x64
		{DC4B28F4-8E35-44F3-AAA9-C6A9913A4726}.Debug|x64.Build.0 = Debug|x64
		{DC4B28F4-8E35-44F3-AAA9-C6A9913A4726}.Debug|x86.ActiveCfg = Debug|Win32
		{DC4B28F4-8E35-44F3-AAA9-C6A9913A4726}.Debug|x86.Build.0 = Debug|Win32
		{DC4B28F4-8E35-44F3-AAA9-C6A9913A4726}.Release|x64.ActiveCfg = Release|x64
		{DC4B28F4-8E35-44F3-AAA9-C6A9913A4726}.Release|x64.Build.0 = Release|x64
		{DC4B28F4-8E35-44F3-AAA9-C6A9913A4726}.Release|x86.ActiveCfg = Release|Win32
		{DC4B28F4-8E35-44F3-AAA9-C6A9913A4726}.Release|x86.Build.0 = Release|Win32
		{FEA10445-CBC8-4E68-889B-4DF94DBA32B3}.Debug|x64.ActiveCfg = Debug|x64
		{FEA10445-CBC8-4E68-889B-4DF94DBA32B3}.Debug|x64.Build.0 = Debug|x64
		{FEA10445-CBC8-4E68-889B-4DF94DBA32B3}.Debug|x86.ActiveCfg = Debug|Win32
		{FEA10445-CBC8-4E68-889B-4DF94DBA32B3}.Debug|x86.Build.0 = Debug|Win32
		{FEA10445-CBC8-4E68-889B-4DF94DBA32B3}.Release|x64.ActiveCfg = Release|x64
		{FEA10445-CBC8-4E68-889B-4DF94DBA32B3}.Release|x64.Build.0 = Release|x64
		{FEA10445-CBC8-4E68-889B-4DF94DBA32B3}.Release|x86.ActiveCfg = Release|Win32
		{FEA10445-CBC8-4E68-889B-4DF94DBA32B3}.Release|x86.Build.0 = Release|Win32
		{2AB38837-2C0A-4F46-A3F3-7FDD042E3D8B}.Debug|x64.ActiveCfg = Debug|x64
		{2AB38837-2C0A-4F46-A3F3-7FDD042E3D8B}.Debug|x64.Build.0 = Debug|x64
		{2AB38837-2C0A-4F46-A3F3-7FDD042E3D8B}.Debug|x86.ActiveCfg = Debug|Win32
		{2AB38837-2C0A-4F46-A3F3-7FDD042E3D8B}.Debug|x86.Build.0 = Debug|Win32
		{2AB38837-2C0A-4F46-A3F3-7FDD042E3D8B}.Release|x64.ActiveCfg = Release|x64
		{2AB38837-2C0A-4F46-A3F3-7FDD042E3D8B}.Release|x64.Build.0 = Release|x64
		{2AB38837-2C0A-4F46-A3F3-7FDD042E3D8B}.Release|x86.ActiveCfg = Release|Win32
		{2AB38837-2C0A-4F46-A3F3-7FDD042E3D8B}.Release|x86.Build.0 = Release|Win32
		{C373759C-5BBA-43B7-9054-06BB615A0FFF}.Debug|x64.ActiveCfg = Debug|x64
		{C373759C-5BBA-43B7-9054-06BB615A0FFF}.Debug|x64.Build.0 = Debug|x64
		{C373759C-5BBA-43B7-9054-06BB615A0FFF}.Debug|x86.ActiveCfg = Debug|Win32
		{C373759C-5BBA-43B7-9054-06BB615A0FFF}.Debug|x86.Build.0 = Debug|Win32
		{C373759C-5BBA-43B7-9054-06BB615A0FFF}.Release|x64.ActiveCfg = Release|x64
		{C373759C-5BBA-43B7-9054-06BB615A0FFF}.Release|x64.Build.0 = Release|x64
		{C373759C-5BBA-43B7-9054-06BB615A0FFF}.Release|x86.ActiveCfg = Release|Win32
		{C373759C-5BBA-43B7-9054-06BB615A0FFF}.Release|x86.Build.0 = Release|Win32
		{F3B325FD-22FC-4A93-89CE-A3316CD74F38}.Debug|x64.ActiveCfg = Debug|x64
		{F3B325FD-22FC-4A93-89CE-A3316CD74F38}.Debug|x64.Build.0 = Debug|x64
		{F3B325FD-22FC-4A93-89CE-A3316CD74F38}.Debug|x86.ActiveCfg = Debug|Win32
		{F3B325FD-22FC-4A93-89CE-A3316CD74F38}.Debug|x86.Build.0 = Debug|Win32
		{F3B325FD-22FC-4A93-89CE-A3316CD74F38}.Release|x64.ActiveCfg = Release|x64
		{F3B325FD-22FC-4A93-89CE-A3316CD74F38}.Release|x64.Build.0 = Release|x64
		{F3B325FD-22FC-4A93-89CE-A3316CD74F38}.Release|x86.ActiveCfg = Release|Win32
		{F3B325FD-22FC-4A93-89CE-A3316CD74F38}.Release|x86.Build.0 = Release|Win32
	EndGlobalSection
	GlobalSection(SolutionProperties) = preSolution
		HideSolutionNode = FALSE
	EndGlobalSection
	GlobalSection(ExtensibilityGlobals) = postSolution
		SolutionGuid = {4B8A4A9C-A4C6-41DC-8B53-A6261268F5EA}
	EndGlobalSection
EndGlobal
