
Microsoft Visual Studio Solution File, Format Version 12.00
# Visual Studio 15
VisualStudioVersion = 15.0.28307.572
MinimumVisualStudioVersion = 10.0.40219.1
Project("{8BC9CEB8-8B4A-11D0-8D11-00A0C91BC942}") = "CH_1", "CH_1\CH_1.vcxproj", "{777C5948-7588-4E81-BC5F-504A9EF5F64D}"
EndProject
Project("{8BC9CEB8-8B4A-11D0-8D11-00A0C91BC942}") = "CH_1_2", "CH_1_2\CH_1_2.vcxproj", "{8210DEBA-D25E-4B77-BDF1-D020FAAA728D}"
EndProject
Project("{8BC9CEB8-8B4A-11D0-8D11-00A0C91BC942}") = "CH_1_3", "CH_1_3\CH_1_3.vcxproj", "{1B066262-55C2-49C3-A2A2-89579C9415FE}"
EndProject
Project("{8BC9CEB8-8B4A-11D0-8D11-00A0C91BC942}") = "CH_1_4", "CH_1_4\CH_1_4.vcxproj", "{EE31D8AB-66AF-4A29-ACBB-159CA24B2C27}"
EndProject
Project("{8BC9CEB8-8B4A-11D0-8D11-00A0C91BC942}") = "CH_1_5", "CH_1_5\CH_1_5.vcxproj", "{931C6848-9BFA-4D5C-BE89-65214D54A598}"
EndProject
Project("{8BC9CEB8-8B4A-11D0-8D11-00A0C91BC942}") = "CH_1_6", "CH_1_6\CH_1_6.vcxproj", "{E3D9E188-E82E-4E95-ADD3-60A598347E73}"
EndProject
Project("{8BC9CEB8-8B4A-11D0-8D11-00A0C91BC942}") = "CH_1_7", "CH_1_7\CH_1_7.vcxproj", "{67F62594-D0FD-45F9-99F0-754FBF2D30C1}"
EndProject
Project("{8BC9CEB8-8B4A-11D0-8D11-00A0C91BC942}") = "CH_1_8", "CH_1_8\CH_1_8.vcxproj", "{6EA532F1-477D-432D-A9DC-11CD252F0529}"
EndProject
Project("{8BC9CEB8-8B4A-11D0-8D11-00A0C91BC942}") = "CH_1_9", "CH_1_9\CH_1_9.vcxproj", "{2AA39C97-270F-451E-A974-A4E7BAA27929}"
EndProject
Project("{8BC9CEB8-8B4A-11D0-8D11-00A0C91BC942}") = "CH_1_10", "CH_1_10\CH_1_10.vcxproj", "{C24C8197-22FE-453A-A6A5-0CCA6E8D337C}"
EndProject
Project("{8BC9CEB8-8B4A-11D0-8D11-00A0C91BC942}") = "CH_1_11", "CH_1_11\CH_1_11.vcxproj", "{11022043-CD7D-405F-A600-2CF46494BB7E}"
EndProject
Project("{8BC9CEB8-8B4A-11D0-8D11-00A0C91BC942}") = "CH_1_12", "CH_1_12\CH_1_12.vcxproj", "{6D4503C1-276A-4475-9FF2-D767F62D99E9}"
EndProject
Project("{8BC9CEB8-8B4A-11D0-8D11-00A0C91BC942}") = "CH_1_13", "CH_1_13\CH_1_13.vcxproj", "{B8EC8D83-6B6F-4E3A-95E8-B8C07D10C49C}"
EndProject
Project("{8BC9CEB8-8B4A-11D0-8D11-00A0C91BC942}") = "CH_1_14", "CH_1_14\CH_1_14.vcxproj", "{E8B45E4E-CF04-42B0-8767-B9CE548F6C4F}"
EndProject
Global
	GlobalSection(SolutionConfigurationPlatforms) = preSolution
		Debug|x64 = Debug|x64
		Debug|x86 = Debug|x86
		Release|x64 = Release|x64
		Release|x86 = Release|x86
	EndGlobalSection
	GlobalSection(ProjectConfigurationPlatforms) = postSolution
		{777C5948-7588-4E81-BC5F-504A9EF5F64D}.Debug|x64.ActiveCfg = Debug|x64
		{777C5948-7588-4E81-BC5F-504A9EF5F64D}.Debug|x64.Build.0 = Debug|x64
		{777C5948-7588-4E81-BC5F-504A9EF5F64D}.Debug|x86.ActiveCfg = Debug|Win32
		{777C5948-7588-4E81-BC5F-504A9EF5F64D}.Debug|x86.Build.0 = Debug|Win32
		{777C5948-7588-4E81-BC5F-504A9EF5F64D}.Release|x64.ActiveCfg = Release|x64
		{777C5948-7588-4E81-BC5F-504A9EF5F64D}.Release|x64.Build.0 = Release|x64
		{777C5948-7588-4E81-BC5F-504A9EF5F64D}.Release|x86.ActiveCfg = Release|Win32
		{777C5948-7588-4E81-BC5F-504A9EF5F64D}.Release|x86.Build.0 = Release|Win32
		{8210DEBA-D25E-4B77-BDF1-D020FAAA728D}.Debug|x64.ActiveCfg = Debug|x64
		{8210DEBA-D25E-4B77-BDF1-D020FAAA728D}.Debug|x64.Build.0 = Debug|x64
		{8210DEBA-D25E-4B77-BDF1-D020FAAA728D}.Debug|x86.ActiveCfg = Debug|Win32
		{8210DEBA-D25E-4B77-BDF1-D020FAAA728D}.Debug|x86.Build.0 = Debug|Win32
		{8210DEBA-D25E-4B77-BDF1-D020FAAA728D}.Release|x64.ActiveCfg = Release|x64
		{8210DEBA-D25E-4B77-BDF1-D020FAAA728D}.Release|x64.Build.0 = Release|x64
		{8210DEBA-D25E-4B77-BDF1-D020FAAA728D}.Release|x86.ActiveCfg = Release|Win32
		{8210DEBA-D25E-4B77-BDF1-D020FAAA728D}.Release|x86.Build.0 = Release|Win32
		{1B066262-55C2-49C3-A2A2-89579C9415FE}.Debug|x64.ActiveCfg = Debug|x64
		{1B066262-55C2-49C3-A2A2-89579C9415FE}.Debug|x64.Build.0 = Debug|x64
		{1B066262-55C2-49C3-A2A2-89579C9415FE}.Debug|x86.ActiveCfg = Debug|Win32
		{1B066262-55C2-49C3-A2A2-89579C9415FE}.Debug|x86.Build.0 = Debug|Win32
		{1B066262-55C2-49C3-A2A2-89579C9415FE}.Release|x64.ActiveCfg = Release|x64
		{1B066262-55C2-49C3-A2A2-89579C9415FE}.Release|x64.Build.0 = Release|x64
		{1B066262-55C2-49C3-A2A2-89579C9415FE}.Release|x86.ActiveCfg = Release|Win32
		{1B066262-55C2-49C3-A2A2-89579C9415FE}.Release|x86.Build.0 = Release|Win32
		{EE31D8AB-66AF-4A29-ACBB-159CA24B2C27}.Debug|x64.ActiveCfg = Debug|x64
		{EE31D8AB-66AF-4A29-ACBB-159CA24B2C27}.Debug|x64.Build.0 = Debug|x64
		{EE31D8AB-66AF-4A29-ACBB-159CA24B2C27}.Debug|x86.ActiveCfg = Debug|Win32
		{EE31D8AB-66AF-4A29-ACBB-159CA24B2C27}.Debug|x86.Build.0 = Debug|Win32
		{EE31D8AB-66AF-4A29-ACBB-159CA24B2C27}.Release|x64.ActiveCfg = Release|x64
		{EE31D8AB-66AF-4A29-ACBB-159CA24B2C27}.Release|x64.Build.0 = Release|x64
		{EE31D8AB-66AF-4A29-ACBB-159CA24B2C27}.Release|x86.ActiveCfg = Release|Win32
		{EE31D8AB-66AF-4A29-ACBB-159CA24B2C27}.Release|x86.Build.0 = Release|Win32
		{931C6848-9BFA-4D5C-BE89-65214D54A598}.Debug|x64.ActiveCfg = Debug|x64
		{931C6848-9BFA-4D5C-BE89-65214D54A598}.Debug|x64.Build.0 = Debug|x64
		{931C6848-9BFA-4D5C-BE89-65214D54A598}.Debug|x86.ActiveCfg = Debug|Win32
		{931C6848-9BFA-4D5C-BE89-65214D54A598}.Debug|x86.Build.0 = Debug|Win32
		{931C6848-9BFA-4D5C-BE89-65214D54A598}.Release|x64.ActiveCfg = Release|x64
		{931C6848-9BFA-4D5C-BE89-65214D54A598}.Release|x64.Build.0 = Release|x64
		{931C6848-9BFA-4D5C-BE89-65214D54A598}.Release|x86.ActiveCfg = Release|Win32
		{931C6848-9BFA-4D5C-BE89-65214D54A598}.Release|x86.Build.0 = Release|Win32
		{E3D9E188-E82E-4E95-ADD3-60A598347E73}.Debug|x64.ActiveCfg = Debug|x64
		{E3D9E188-E82E-4E95-ADD3-60A598347E73}.Debug|x64.Build.0 = Debug|x64
		{E3D9E188-E82E-4E95-ADD3-60A598347E73}.Debug|x86.ActiveCfg = Debug|Win32
		{E3D9E188-E82E-4E95-ADD3-60A598347E73}.Debug|x86.Build.0 = Debug|Win32
		{E3D9E188-E82E-4E95-ADD3-60A598347E73}.Release|x64.ActiveCfg = Release|x64
		{E3D9E188-E82E-4E95-ADD3-60A598347E73}.Release|x64.Build.0 = Release|x64
		{E3D9E188-E82E-4E95-ADD3-60A598347E73}.Release|x86.ActiveCfg = Release|Win32
		{E3D9E188-E82E-4E95-ADD3-60A598347E73}.Release|x86.Build.0 = Release|Win32
		{67F62594-D0FD-45F9-99F0-754FBF2D30C1}.Debug|x64.ActiveCfg = Debug|x64
		{67F62594-D0FD-45F9-99F0-754FBF2D30C1}.Debug|x64.Build.0 = Debug|x64
		{67F62594-D0FD-45F9-99F0-754FBF2D30C1}.Debug|x86.ActiveCfg = Debug|Win32
		{67F62594-D0FD-45F9-99F0-754FBF2D30C1}.Debug|x86.Build.0 = Debug|Win32
		{67F62594-D0FD-45F9-99F0-754FBF2D30C1}.Release|x64.ActiveCfg = Release|x64
		{67F62594-D0FD-45F9-99F0-754FBF2D30C1}.Release|x64.Build.0 = Release|x64
		{67F62594-D0FD-45F9-99F0-754FBF2D30C1}.Release|x86.ActiveCfg = Release|Win32
		{67F62594-D0FD-45F9-99F0-754FBF2D30C1}.Release|x86.Build.0 = Release|Win32
		{6EA532F1-477D-432D-A9DC-11CD252F0529}.Debug|x64.ActiveCfg = Debug|x64
		{6EA532F1-477D-432D-A9DC-11CD252F0529}.Debug|x64.Build.0 = Debug|x64
		{6EA532F1-477D-432D-A9DC-11CD252F0529}.Debug|x86.ActiveCfg = Debug|Win32
		{6EA532F1-477D-432D-A9DC-11CD252F0529}.Debug|x86.Build.0 = Debug|Win32
		{6EA532F1-477D-432D-A9DC-11CD252F0529}.Release|x64.ActiveCfg = Release|x64
		{6EA532F1-477D-432D-A9DC-11CD252F0529}.Release|x64.Build.0 = Release|x64
		{6EA532F1-477D-432D-A9DC-11CD252F0529}.Release|x86.ActiveCfg = Release|Win32
		{6EA532F1-477D-432D-A9DC-11CD252F0529}.Release|x86.Build.0 = Release|Win32
		{2AA39C97-270F-451E-A974-A4E7BAA27929}.Debug|x64.ActiveCfg = Debug|x64
		{2AA39C97-270F-451E-A974-A4E7BAA27929}.Debug|x64.Build.0 = Debug|x64
		{2AA39C97-270F-451E-A974-A4E7BAA27929}.Debug|x86.ActiveCfg = Debug|Win32
		{2AA39C97-270F-451E-A974-A4E7BAA27929}.Debug|x86.Build.0 = Debug|Win32
		{2AA39C97-270F-451E-A974-A4E7BAA27929}.Release|x64.ActiveCfg = Release|x64
		{2AA39C97-270F-451E-A974-A4E7BAA27929}.Release|x64.Build.0 = Release|x64
		{2AA39C97-270F-451E-A974-A4E7BAA27929}.Release|x86.ActiveCfg = Release|Win32
		{2AA39C97-270F-451E-A974-A4E7BAA27929}.Release|x86.Build.0 = Release|Win32
		{C24C8197-22FE-453A-A6A5-0CCA6E8D337C}.Debug|x64.ActiveCfg = Debug|x64
		{C24C8197-22FE-453A-A6A5-0CCA6E8D337C}.Debug|x64.Build.0 = Debug|x64
		{C24C8197-22FE-453A-A6A5-0CCA6E8D337C}.Debug|x86.ActiveCfg = Debug|Win32
		{C24C8197-22FE-453A-A6A5-0CCA6E8D337C}.Debug|x86.Build.0 = Debug|Win32
		{C24C8197-22FE-453A-A6A5-0CCA6E8D337C}.Release|x64.ActiveCfg = Release|x64
		{C24C8197-22FE-453A-A6A5-0CCA6E8D337C}.Release|x64.Build.0 = Release|x64
		{C24C8197-22FE-453A-A6A5-0CCA6E8D337C}.Release|x86.ActiveCfg = Release|Win32
		{C24C8197-22FE-453A-A6A5-0CCA6E8D337C}.Release|x86.Build.0 = Release|Win32
		{11022043-CD7D-405F-A600-2CF46494BB7E}.Debug|x64.ActiveCfg = Debug|x64
		{11022043-CD7D-405F-A600-2CF46494BB7E}.Debug|x64.Build.0 = Debug|x64
		{11022043-CD7D-405F-A600-2CF46494BB7E}.Debug|x86.ActiveCfg = Debug|Win32
		{11022043-CD7D-405F-A600-2CF46494BB7E}.Debug|x86.Build.0 = Debug|Win32
		{11022043-CD7D-405F-A600-2CF46494BB7E}.Release|x64.ActiveCfg = Release|x64
		{11022043-CD7D-405F-A600-2CF46494BB7E}.Release|x64.Build.0 = Release|x64
		{11022043-CD7D-405F-A600-2CF46494BB7E}.Release|x86.ActiveCfg = Release|Win32
		{11022043-CD7D-405F-A600-2CF46494BB7E}.Release|x86.Build.0 = Release|Win32
		{6D4503C1-276A-4475-9FF2-D767F62D99E9}.Debug|x64.ActiveCfg = Debug|x64
		{6D4503C1-276A-4475-9FF2-D767F62D99E9}.Debug|x64.Build.0 = Debug|x64
		{6D4503C1-276A-4475-9FF2-D767F62D99E9}.Debug|x86.ActiveCfg = Debug|Win32
		{6D4503C1-276A-4475-9FF2-D767F62D99E9}.Debug|x86.Build.0 = Debug|Win32
		{6D4503C1-276A-4475-9FF2-D767F62D99E9}.Release|x64.ActiveCfg = Release|x64
		{6D4503C1-276A-4475-9FF2-D767F62D99E9}.Release|x64.Build.0 = Release|x64
		{6D4503C1-276A-4475-9FF2-D767F62D99E9}.Release|x86.ActiveCfg = Release|Win32
		{6D4503C1-276A-4475-9FF2-D767F62D99E9}.Release|x86.Build.0 = Release|Win32
		{B8EC8D83-6B6F-4E3A-95E8-B8C07D10C49C}.Debug|x64.ActiveCfg = Debug|x64
		{B8EC8D83-6B6F-4E3A-95E8-B8C07D10C49C}.Debug|x64.Build.0 = Debug|x64
		{B8EC8D83-6B6F-4E3A-95E8-B8C07D10C49C}.Debug|x86.ActiveCfg = Debug|Win32
		{B8EC8D83-6B6F-4E3A-95E8-B8C07D10C49C}.Debug|x86.Build.0 = Debug|Win32
		{B8EC8D83-6B6F-4E3A-95E8-B8C07D10C49C}.Release|x64.ActiveCfg = Release|x64
		{B8EC8D83-6B6F-4E3A-95E8-B8C07D10C49C}.Release|x64.Build.0 = Release|x64
		{B8EC8D83-6B6F-4E3A-95E8-B8C07D10C49C}.Release|x86.ActiveCfg = Release|Win32
		{B8EC8D83-6B6F-4E3A-95E8-B8C07D10C49C}.Release|x86.Build.0 = Release|Win32
		{E8B45E4E-CF04-42B0-8767-B9CE548F6C4F}.Debug|x64.ActiveCfg = Debug|x64
		{E8B45E4E-CF04-42B0-8767-B9CE548F6C4F}.Debug|x64.Build.0 = Debug|x64
		{E8B45E4E-CF04-42B0-8767-B9CE548F6C4F}.Debug|x86.ActiveCfg = Debug|Win32
		{E8B45E4E-CF04-42B0-8767-B9CE548F6C4F}.Debug|x86.Build.0 = Debug|Win32
		{E8B45E4E-CF04-42B0-8767-B9CE548F6C4F}.Release|x64.ActiveCfg = Release|x64
		{E8B45E4E-CF04-42B0-8767-B9CE548F6C4F}.Release|x64.Build.0 = Release|x64
		{E8B45E4E-CF04-42B0-8767-B9CE548F6C4F}.Release|x86.ActiveCfg = Release|Win32
		{E8B45E4E-CF04-42B0-8767-B9CE548F6C4F}.Release|x86.Build.0 = Release|Win32
	EndGlobalSection
	GlobalSection(SolutionProperties) = preSolution
		HideSolutionNode = FALSE
	EndGlobalSection
	GlobalSection(ExtensibilityGlobals) = postSolution
		SolutionGuid = {F012B279-88AA-4ABF-A69E-733F54A44E8C}
	EndGlobalSection
EndGlobal
