
Microsoft Visual Studio Solution File, Format Version 12.00
# Visual Studio 15
VisualStudioVersion = 15.0.28307.757
MinimumVisualStudioVersion = 10.0.40219.1
Project("{8BC9CEB8-8B4A-11D0-8D11-00A0C91BC942}") = "CH_9_01", "CH_9\CH_9.vcxproj", "{0983617C-2EE4-4BA3-A803-ABB4E65652BD}"
EndProject
Project("{8BC9CEB8-8B4A-11D0-8D11-00A0C91BC942}") = "CH_9_02", "CH_9_02\CH_9_02.vcxproj", "{94410E51-BB97-4C7E-AFF0-88E00EE33B94}"
EndProject
Project("{8BC9CEB8-8B4A-11D0-8D11-00A0C91BC942}") = "CH_9_03", "CH_9_03\CH_9_03.vcxproj", "{54B6AF6C-C81F-4B48-8668-4529A387D0F0}"
EndProject
Project("{8BC9CEB8-8B4A-11D0-8D11-00A0C91BC942}") = "CH_9_04", "CH_9_04\CH_9_04.vcxproj", "{CB4CB03A-E739-4E3A-B54F-43BD4B027FAA}"
EndProject
Project("{8BC9CEB8-8B4A-11D0-8D11-00A0C91BC942}") = "CH_9_05", "CH_9_05\CH_9_05.vcxproj", "{EC7EC0EA-6C25-4B11-9765-4134FBD97704}"
EndProject
Project("{8BC9CEB8-8B4A-11D0-8D11-00A0C91BC942}") = "CH_9_06", "CH_9_06\CH_9_06.vcxproj", "{904B9820-D0C1-4C20-A453-9410E843E106}"
EndProject
Project("{8BC9CEB8-8B4A-11D0-8D11-00A0C91BC942}") = "CH_9_07", "CH_9_07\CH_9_07.vcxproj", "{E00E4A33-528B-40A2-9102-6368D77B4E03}"
EndProject
Project("{8BC9CEB8-8B4A-11D0-8D11-00A0C91BC942}") = "CH_9_08", "CH_9_08\CH_9_08.vcxproj", "{240A75FB-ECD9-4242-B87B-C91222C8FD8F}"
EndProject
Project("{8BC9CEB8-8B4A-11D0-8D11-00A0C91BC942}") = "CH_9_09", "CH_9_09\CH_9_09.vcxproj", "{1D0CF296-B011-48D5-BD94-9E0E3E75423F}"
EndProject
Project("{8BC9CEB8-8B4A-11D0-8D11-00A0C91BC942}") = "CH_9_10", "CH_9_1\CH_9_1.vcxproj", "{EB28509B-DC1A-4627-AD64-E9F1E16802E1}"
EndProject
Project("{8BC9CEB8-8B4A-11D0-8D11-00A0C91BC942}") = "CH_9_11", "CH_9_11\CH_9_11.vcxproj", "{31518670-2CE8-49EE-B4A1-30BD7D86B825}"
EndProject
Project("{8BC9CEB8-8B4A-11D0-8D11-00A0C91BC942}") = "CH_9_12", "CH_9_12\CH_9_12.vcxproj", "{C7A66D5F-41C2-4F5F-B9CF-776CF33157AC}"
EndProject
Global
	GlobalSection(SolutionConfigurationPlatforms) = preSolution
		Debug|x64 = Debug|x64
		Debug|x86 = Debug|x86
		Release|x64 = Release|x64
		Release|x86 = Release|x86
	EndGlobalSection
	GlobalSection(ProjectConfigurationPlatforms) = postSolution
		{0983617C-2EE4-4BA3-A803-ABB4E65652BD}.Debug|x64.ActiveCfg = Debug|x64
		{0983617C-2EE4-4BA3-A803-ABB4E65652BD}.Debug|x64.Build.0 = Debug|x64
		{0983617C-2EE4-4BA3-A803-ABB4E65652BD}.Debug|x86.ActiveCfg = Debug|Win32
		{0983617C-2EE4-4BA3-A803-ABB4E65652BD}.Debug|x86.Build.0 = Debug|Win32
		{0983617C-2EE4-4BA3-A803-ABB4E65652BD}.Release|x64.ActiveCfg = Release|x64
		{0983617C-2EE4-4BA3-A803-ABB4E65652BD}.Release|x64.Build.0 = Release|x64
		{0983617C-2EE4-4BA3-A803-ABB4E65652BD}.Release|x86.ActiveCfg = Release|Win32
		{0983617C-2EE4-4BA3-A803-ABB4E65652BD}.Release|x86.Build.0 = Release|Win32
		{94410E51-BB97-4C7E-AFF0-88E00EE33B94}.Debug|x64.ActiveCfg = Debug|x64
		{94410E51-BB97-4C7E-AFF0-88E00EE33B94}.Debug|x64.Build.0 = Debug|x64
		{94410E51-BB97-4C7E-AFF0-88E00EE33B94}.Debug|x86.ActiveCfg = Debug|Win32
		{94410E51-BB97-4C7E-AFF0-88E00EE33B94}.Debug|x86.Build.0 = Debug|Win32
		{94410E51-BB97-4C7E-AFF0-88E00EE33B94}.Release|x64.ActiveCfg = Release|x64
		{94410E51-BB97-4C7E-AFF0-88E00EE33B94}.Release|x64.Build.0 = Release|x64
		{94410E51-BB97-4C7E-AFF0-88E00EE33B94}.Release|x86.ActiveCfg = Release|Win32
		{94410E51-BB97-4C7E-AFF0-88E00EE33B94}.Release|x86.Build.0 = Release|Win32
		{54B6AF6C-C81F-4B48-8668-4529A387D0F0}.Debug|x64.ActiveCfg = Debug|x64
		{54B6AF6C-C81F-4B48-8668-4529A387D0F0}.Debug|x64.Build.0 = Debug|x64
		{54B6AF6C-C81F-4B48-8668-4529A387D0F0}.Debug|x86.ActiveCfg = Debug|Win32
		{54B6AF6C-C81F-4B48-8668-4529A387D0F0}.Debug|x86.Build.0 = Debug|Win32
		{54B6AF6C-C81F-4B48-8668-4529A387D0F0}.Release|x64.ActiveCfg = Release|x64
		{54B6AF6C-C81F-4B48-8668-4529A387D0F0}.Release|x64.Build.0 = Release|x64
		{54B6AF6C-C81F-4B48-8668-4529A387D0F0}.Release|x86.ActiveCfg = Release|Win32
		{54B6AF6C-C81F-4B48-8668-4529A387D0F0}.Release|x86.Build.0 = Release|Win32
		{CB4CB03A-E739-4E3A-B54F-43BD4B027FAA}.Debug|x64.ActiveCfg = Debug|x64
		{CB4CB03A-E739-4E3A-B54F-43BD4B027FAA}.Debug|x64.Build.0 = Debug|x64
		{CB4CB03A-E739-4E3A-B54F-43BD4B027FAA}.Debug|x86.ActiveCfg = Debug|Win32
		{CB4CB03A-E739-4E3A-B54F-43BD4B027FAA}.Debug|x86.Build.0 = Debug|Win32
		{CB4CB03A-E739-4E3A-B54F-43BD4B027FAA}.Release|x64.ActiveCfg = Release|x64
		{CB4CB03A-E739-4E3A-B54F-43BD4B027FAA}.Release|x64.Build.0 = Release|x64
		{CB4CB03A-E739-4E3A-B54F-43BD4B027FAA}.Release|x86.ActiveCfg = Release|Win32
		{CB4CB03A-E739-4E3A-B54F-43BD4B027FAA}.Release|x86.Build.0 = Release|Win32
		{EC7EC0EA-6C25-4B11-9765-4134FBD97704}.Debug|x64.ActiveCfg = Debug|x64
		{EC7EC0EA-6C25-4B11-9765-4134FBD97704}.Debug|x64.Build.0 = Debug|x64
		{EC7EC0EA-6C25-4B11-9765-4134FBD97704}.Debug|x86.ActiveCfg = Debug|Win32
		{EC7EC0EA-6C25-4B11-9765-4134FBD97704}.Debug|x86.Build.0 = Debug|Win32
		{EC7EC0EA-6C25-4B11-9765-4134FBD97704}.Release|x64.ActiveCfg = Release|x64
		{EC7EC0EA-6C25-4B11-9765-4134FBD97704}.Release|x64.Build.0 = Release|x64
		{EC7EC0EA-6C25-4B11-9765-4134FBD97704}.Release|x86.ActiveCfg = Release|Win32
		{EC7EC0EA-6C25-4B11-9765-4134FBD97704}.Release|x86.Build.0 = Release|Win32
		{904B9820-D0C1-4C20-A453-9410E843E106}.Debug|x64.ActiveCfg = Debug|x64
		{904B9820-D0C1-4C20-A453-9410E843E106}.Debug|x64.Build.0 = Debug|x64
		{904B9820-D0C1-4C20-A453-9410E843E106}.Debug|x86.ActiveCfg = Debug|Win32
		{904B9820-D0C1-4C20-A453-9410E843E106}.Debug|x86.Build.0 = Debug|Win32
		{904B9820-D0C1-4C20-A453-9410E843E106}.Release|x64.ActiveCfg = Release|x64
		{904B9820-D0C1-4C20-A453-9410E843E106}.Release|x64.Build.0 = Release|x64
		{904B9820-D0C1-4C20-A453-9410E843E106}.Release|x86.ActiveCfg = Release|Win32
		{904B9820-D0C1-4C20-A453-9410E843E106}.Release|x86.Build.0 = Release|Win32
		{E00E4A33-528B-40A2-9102-6368D77B4E03}.Debug|x64.ActiveCfg = Debug|x64
		{E00E4A33-528B-40A2-9102-6368D77B4E03}.Debug|x64.Build.0 = Debug|x64
		{E00E4A33-528B-40A2-9102-6368D77B4E03}.Debug|x86.ActiveCfg = Debug|Win32
		{E00E4A33-528B-40A2-9102-6368D77B4E03}.Debug|x86.Build.0 = Debug|Win32
		{E00E4A33-528B-40A2-9102-6368D77B4E03}.Release|x64.ActiveCfg = Release|x64
		{E00E4A33-528B-40A2-9102-6368D77B4E03}.Release|x64.Build.0 = Release|x64
		{E00E4A33-528B-40A2-9102-6368D77B4E03}.Release|x86.ActiveCfg = Release|Win32
		{E00E4A33-528B-40A2-9102-6368D77B4E03}.Release|x86.Build.0 = Release|Win32
		{240A75FB-ECD9-4242-B87B-C91222C8FD8F}.Debug|x64.ActiveCfg = Debug|x64
		{240A75FB-ECD9-4242-B87B-C91222C8FD8F}.Debug|x64.Build.0 = Debug|x64
		{240A75FB-ECD9-4242-B87B-C91222C8FD8F}.Debug|x86.ActiveCfg = Debug|Win32
		{240A75FB-ECD9-4242-B87B-C91222C8FD8F}.Debug|x86.Build.0 = Debug|Win32
		{240A75FB-ECD9-4242-B87B-C91222C8FD8F}.Release|x64.ActiveCfg = Release|x64
		{240A75FB-ECD9-4242-B87B-C91222C8FD8F}.Release|x64.Build.0 = Release|x64
		{240A75FB-ECD9-4242-B87B-C91222C8FD8F}.Release|x86.ActiveCfg = Release|Win32
		{240A75FB-ECD9-4242-B87B-C91222C8FD8F}.Release|x86.Build.0 = Release|Win32
		{1D0CF296-B011-48D5-BD94-9E0E3E75423F}.Debug|x64.ActiveCfg = Debug|x64
		{1D0CF296-B011-48D5-BD94-9E0E3E75423F}.Debug|x64.Build.0 = Debug|x64
		{1D0CF296-B011-48D5-BD94-9E0E3E75423F}.Debug|x86.ActiveCfg = Debug|Win32
		{1D0CF296-B011-48D5-BD94-9E0E3E75423F}.Debug|x86.Build.0 = Debug|Win32
		{1D0CF296-B011-48D5-BD94-9E0E3E75423F}.Release|x64.ActiveCfg = Release|x64
		{1D0CF296-B011-48D5-BD94-9E0E3E75423F}.Release|x64.Build.0 = Release|x64
		{1D0CF296-B011-48D5-BD94-9E0E3E75423F}.Release|x86.ActiveCfg = Release|Win32
		{1D0CF296-B011-48D5-BD94-9E0E3E75423F}.Release|x86.Build.0 = Release|Win32
		{EB28509B-DC1A-4627-AD64-E9F1E16802E1}.Debug|x64.ActiveCfg = Debug|x64
		{EB28509B-DC1A-4627-AD64-E9F1E16802E1}.Debug|x64.Build.0 = Debug|x64
		{EB28509B-DC1A-4627-AD64-E9F1E16802E1}.Debug|x86.ActiveCfg = Debug|Win32
		{EB28509B-DC1A-4627-AD64-E9F1E16802E1}.Debug|x86.Build.0 = Debug|Win32
		{EB28509B-DC1A-4627-AD64-E9F1E16802E1}.Release|x64.ActiveCfg = Release|x64
		{EB28509B-DC1A-4627-AD64-E9F1E16802E1}.Release|x64.Build.0 = Release|x64
		{EB28509B-DC1A-4627-AD64-E9F1E16802E1}.Release|x86.ActiveCfg = Release|Win32
		{EB28509B-DC1A-4627-AD64-E9F1E16802E1}.Release|x86.Build.0 = Release|Win32
		{31518670-2CE8-49EE-B4A1-30BD7D86B825}.Debug|x64.ActiveCfg = Debug|x64
		{31518670-2CE8-49EE-B4A1-30BD7D86B825}.Debug|x64.Build.0 = Debug|x64
		{31518670-2CE8-49EE-B4A1-30BD7D86B825}.Debug|x86.ActiveCfg = Debug|Win32
		{31518670-2CE8-49EE-B4A1-30BD7D86B825}.Debug|x86.Build.0 = Debug|Win32
		{31518670-2CE8-49EE-B4A1-30BD7D86B825}.Release|x64.ActiveCfg = Release|x64
		{31518670-2CE8-49EE-B4A1-30BD7D86B825}.Release|x64.Build.0 = Release|x64
		{31518670-2CE8-49EE-B4A1-30BD7D86B825}.Release|x86.ActiveCfg = Release|Win32
		{31518670-2CE8-49EE-B4A1-30BD7D86B825}.Release|x86.Build.0 = Release|Win32
		{C7A66D5F-41C2-4F5F-B9CF-776CF33157AC}.Debug|x64.ActiveCfg = Debug|x64
		{C7A66D5F-41C2-4F5F-B9CF-776CF33157AC}.Debug|x64.Build.0 = Debug|x64
		{C7A66D5F-41C2-4F5F-B9CF-776CF33157AC}.Debug|x86.ActiveCfg = Debug|Win32
		{C7A66D5F-41C2-4F5F-B9CF-776CF33157AC}.Debug|x86.Build.0 = Debug|Win32
		{C7A66D5F-41C2-4F5F-B9CF-776CF33157AC}.Release|x64.ActiveCfg = Release|x64
		{C7A66D5F-41C2-4F5F-B9CF-776CF33157AC}.Release|x64.Build.0 = Release|x64
		{C7A66D5F-41C2-4F5F-B9CF-776CF33157AC}.Release|x86.ActiveCfg = Release|Win32
		{C7A66D5F-41C2-4F5F-B9CF-776CF33157AC}.Release|x86.Build.0 = Release|Win32
	EndGlobalSection
	GlobalSection(SolutionProperties) = preSolution
		HideSolutionNode = FALSE
	EndGlobalSection
	GlobalSection(ExtensibilityGlobals) = postSolution
		SolutionGuid = {9EFDEDA2-88D6-43AB-8252-39120E55EDB5}
	EndGlobalSection
EndGlobal
