
Microsoft Visual Studio Solution File, Format Version 12.00
# Visual Studio 15
VisualStudioVersion = 15.0.28307.852
MinimumVisualStudioVersion = 10.0.40219.1
Project("{8BC9CEB8-8B4A-11D0-8D11-00A0C91BC942}") = "CH_12_01", "CH_12\CH_12.vcxproj", "{3D671902-E20D-4F51-8503-FF25DCC6C706}"
EndProject
Project("{8BC9CEB8-8B4A-11D0-8D11-00A0C91BC942}") = "CH_12_02", "CH_12_02\CH_12_02.vcxproj", "{D70B20E0-9777-45F8-BAC5-F2D104B68CB4}"
EndProject
Project("{8BC9CEB8-8B4A-11D0-8D11-00A0C91BC942}") = "CH_12_03", "CH_12_03\CH_12_03.vcxproj", "{59039687-1BC1-43D8-A046-FE00EB602224}"
EndProject
Project("{8BC9CEB8-8B4A-11D0-8D11-00A0C91BC942}") = "CH_12_04", "CH_12_04\CH_12_04.vcxproj", "{D3E0D033-17C0-49D9-BE9B-6ABEE46E5E5C}"
EndProject
Project("{8BC9CEB8-8B4A-11D0-8D11-00A0C91BC942}") = "CH_12_05", "CH_12_05\CH_12_05.vcxproj", "{CA7107FA-D89A-4A03-9739-2D8405D810AE}"
EndProject
Project("{8BC9CEB8-8B4A-11D0-8D11-00A0C91BC942}") = "CH_12_06", "CH_12_06\CH_12_06.vcxproj", "{B83B1195-9698-47BF-96F8-2DBD4D226695}"
EndProject
Project("{8BC9CEB8-8B4A-11D0-8D11-00A0C91BC942}") = "CH_12_07", "CH_12_07\CH_12_07.vcxproj", "{3D0CE59F-7A43-42BA-8B2D-09D3FAA7938C}"
EndProject
Project("{8BC9CEB8-8B4A-11D0-8D11-00A0C91BC942}") = "CH_12_08", "CH_12_08\CH_12_08.vcxproj", "{0D5BD513-E2C2-43BA-8DBA-A49DEEBCA8C0}"
EndProject
Global
	GlobalSection(SolutionConfigurationPlatforms) = preSolution
		Debug|x64 = Debug|x64
		Debug|x86 = Debug|x86
		Release|x64 = Release|x64
		Release|x86 = Release|x86
	EndGlobalSection
	GlobalSection(ProjectConfigurationPlatforms) = postSolution
		{3D671902-E20D-4F51-8503-FF25DCC6C706}.Debug|x64.ActiveCfg = Debug|x64
		{3D671902-E20D-4F51-8503-FF25DCC6C706}.Debug|x64.Build.0 = Debug|x64
		{3D671902-E20D-4F51-8503-FF25DCC6C706}.Debug|x86.ActiveCfg = Debug|Win32
		{3D671902-E20D-4F51-8503-FF25DCC6C706}.Debug|x86.Build.0 = Debug|Win32
		{3D671902-E20D-4F51-8503-FF25DCC6C706}.Release|x64.ActiveCfg = Release|x64
		{3D671902-E20D-4F51-8503-FF25DCC6C706}.Release|x64.Build.0 = Release|x64
		{3D671902-E20D-4F51-8503-FF25DCC6C706}.Release|x86.ActiveCfg = Release|Win32
		{3D671902-E20D-4F51-8503-FF25DCC6C706}.Release|x86.Build.0 = Release|Win32
		{D70B20E0-9777-45F8-BAC5-F2D104B68CB4}.Debug|x64.ActiveCfg = Debug|x64
		{D70B20E0-9777-45F8-BAC5-F2D104B68CB4}.Debug|x64.Build.0 = Debug|x64
		{D70B20E0-9777-45F8-BAC5-F2D104B68CB4}.Debug|x86.ActiveCfg = Debug|Win32
		{D70B20E0-9777-45F8-BAC5-F2D104B68CB4}.Debug|x86.Build.0 = Debug|Win32
		{D70B20E0-9777-45F8-BAC5-F2D104B68CB4}.Release|x64.ActiveCfg = Release|x64
		{D70B20E0-9777-45F8-BAC5-F2D104B68CB4}.Release|x64.Build.0 = Release|x64
		{D70B20E0-9777-45F8-BAC5-F2D104B68CB4}.Release|x86.ActiveCfg = Release|Win32
		{D70B20E0-9777-45F8-BAC5-F2D104B68CB4}.Release|x86.Build.0 = Release|Win32
		{59039687-1BC1-43D8-A046-FE00EB602224}.Debug|x64.ActiveCfg = Debug|x64
		{59039687-1BC1-43D8-A046-FE00EB602224}.Debug|x64.Build.0 = Debug|x64
		{59039687-1BC1-43D8-A046-FE00EB602224}.Debug|x86.ActiveCfg = Debug|Win32
		{59039687-1BC1-43D8-A046-FE00EB602224}.Debug|x86.Build.0 = Debug|Win32
		{59039687-1BC1-43D8-A046-FE00EB602224}.Release|x64.ActiveCfg = Release|x64
		{59039687-1BC1-43D8-A046-FE00EB602224}.Release|x64.Build.0 = Release|x64
		{59039687-1BC1-43D8-A046-FE00EB602224}.Release|x86.ActiveCfg = Release|Win32
		{59039687-1BC1-43D8-A046-FE00EB602224}.Release|x86.Build.0 = Release|Win32
		{D3E0D033-17C0-49D9-BE9B-6ABEE46E5E5C}.Debug|x64.ActiveCfg = Debug|x64
		{D3E0D033-17C0-49D9-BE9B-6ABEE46E5E5C}.Debug|x64.Build.0 = Debug|x64
		{D3E0D033-17C0-49D9-BE9B-6ABEE46E5E5C}.Debug|x86.ActiveCfg = Debug|Win32
		{D3E0D033-17C0-49D9-BE9B-6ABEE46E5E5C}.Debug|x86.Build.0 = Debug|Win32
		{D3E0D033-17C0-49D9-BE9B-6ABEE46E5E5C}.Release|x64.ActiveCfg = Release|x64
		{D3E0D033-17C0-49D9-BE9B-6ABEE46E5E5C}.Release|x64.Build.0 = Release|x64
		{D3E0D033-17C0-49D9-BE9B-6ABEE46E5E5C}.Release|x86.ActiveCfg = Release|Win32
		{D3E0D033-17C0-49D9-BE9B-6ABEE46E5E5C}.Release|x86.Build.0 = Release|Win32
		{CA7107FA-D89A-4A03-9739-2D8405D810AE}.Debug|x64.ActiveCfg = Debug|x64
		{CA7107FA-D89A-4A03-9739-2D8405D810AE}.Debug|x64.Build.0 = Debug|x64
		{CA7107FA-D89A-4A03-9739-2D8405D810AE}.Debug|x86.ActiveCfg = Debug|Win32
		{CA7107FA-D89A-4A03-9739-2D8405D810AE}.Debug|x86.Build.0 = Debug|Win32
		{CA7107FA-D89A-4A03-9739-2D8405D810AE}.Release|x64.ActiveCfg = Release|x64
		{CA7107FA-D89A-4A03-9739-2D8405D810AE}.Release|x64.Build.0 = Release|x64
		{CA7107FA-D89A-4A03-9739-2D8405D810AE}.Release|x86.ActiveCfg = Release|Win32
		{CA7107FA-D89A-4A03-9739-2D8405D810AE}.Release|x86.Build.0 = Release|Win32
		{B83B1195-9698-47BF-96F8-2DBD4D226695}.Debug|x64.ActiveCfg = Debug|x64
		{B83B1195-9698-47BF-96F8-2DBD4D226695}.Debug|x64.Build.0 = Debug|x64
		{B83B1195-9698-47BF-96F8-2DBD4D226695}.Debug|x86.ActiveCfg = Debug|Win32
		{B83B1195-9698-47BF-96F8-2DBD4D226695}.Debug|x86.Build.0 = Debug|Win32
		{B83B1195-9698-47BF-96F8-2DBD4D226695}.Release|x64.ActiveCfg = Release|x64
		{B83B1195-9698-47BF-96F8-2DBD4D226695}.Release|x64.Build.0 = Release|x64
		{B83B1195-9698-47BF-96F8-2DBD4D226695}.Release|x86.ActiveCfg = Release|Win32
		{B83B1195-9698-47BF-96F8-2DBD4D226695}.Release|x86.Build.0 = Release|Win32
		{3D0CE59F-7A43-42BA-8B2D-09D3FAA7938C}.Debug|x64.ActiveCfg = Debug|x64
		{3D0CE59F-7A43-42BA-8B2D-09D3FAA7938C}.Debug|x64.Build.0 = Debug|x64
		{3D0CE59F-7A43-42BA-8B2D-09D3FAA7938C}.Debug|x86.ActiveCfg = Debug|Win32
		{3D0CE59F-7A43-42BA-8B2D-09D3FAA7938C}.Debug|x86.Build.0 = Debug|Win32
		{3D0CE59F-7A43-42BA-8B2D-09D3FAA7938C}.Release|x64.ActiveCfg = Release|x64
		{3D0CE59F-7A43-42BA-8B2D-09D3FAA7938C}.Release|x64.Build.0 = Release|x64
		{3D0CE59F-7A43-42BA-8B2D-09D3FAA7938C}.Release|x86.ActiveCfg = Release|Win32
		{3D0CE59F-7A43-42BA-8B2D-09D3FAA7938C}.Release|x86.Build.0 = Release|Win32
		{0D5BD513-E2C2-43BA-8DBA-A49DEEBCA8C0}.Debug|x64.ActiveCfg = Debug|x64
		{0D5BD513-E2C2-43BA-8DBA-A49DEEBCA8C0}.Debug|x64.Build.0 = Debug|x64
		{0D5BD513-E2C2-43BA-8DBA-A49DEEBCA8C0}.Debug|x86.ActiveCfg = Debug|Win32
		{0D5BD513-E2C2-43BA-8DBA-A49DEEBCA8C0}.Debug|x86.Build.0 = Debug|Win32
		{0D5BD513-E2C2-43BA-8DBA-A49DEEBCA8C0}.Release|x64.ActiveCfg = Release|x64
		{0D5BD513-E2C2-43BA-8DBA-A49DEEBCA8C0}.Release|x64.Build.0 = Release|x64
		{0D5BD513-E2C2-43BA-8DBA-A49DEEBCA8C0}.Release|x86.ActiveCfg = Release|Win32
		{0D5BD513-E2C2-43BA-8DBA-A49DEEBCA8C0}.Release|x86.Build.0 = Release|Win32
	EndGlobalSection
	GlobalSection(SolutionProperties) = preSolution
		HideSolutionNode = FALSE
	EndGlobalSection
	GlobalSection(ExtensibilityGlobals) = postSolution
		SolutionGuid = {7ADB02FC-C33C-495E-9634-04E30FAD8F73}
	EndGlobalSection
EndGlobal
