
Microsoft Visual Studio Solution File, Format Version 12.00
# Visual Studio 15
VisualStudioVersion = 15.0.28307.757
MinimumVisualStudioVersion = 10.0.40219.1
Project("{8BC9CEB8-8B4A-11D0-8D11-00A0C91BC942}") = "CH_4_1", "CH_4\CH_4.vcxproj", "{8F657539-A085-4386-8771-AF07A6F8178B}"
EndProject
Project("{8BC9CEB8-8B4A-11D0-8D11-00A0C91BC942}") = "CH_4_2", "CH_4_2\CH_4_2.vcxproj", "{D7635C1C-EF38-4421-9AF4-D4936E7C725F}"
EndProject
Project("{8BC9CEB8-8B4A-11D0-8D11-00A0C91BC942}") = "CH_4_3", "CH_4_3\CH_4_3.vcxproj", "{6A5F8B99-3C61-4538-987B-F2F3373217ED}"
EndProject
Project("{8BC9CEB8-8B4A-11D0-8D11-00A0C91BC942}") = "CH_4_4", "CH_4_4\CH_4_4.vcxproj", "{3401581D-ABE4-4267-9A22-6E91E53035D5}"
EndProject
Project("{8BC9CEB8-8B4A-11D0-8D11-00A0C91BC942}") = "CH_4_5", "CH_4_5\CH_4_5.vcxproj", "{354A669F-BC35-42AD-B4FD-5559B1C6CBAB}"
EndProject
Project("{8BC9CEB8-8B4A-11D0-8D11-00A0C91BC942}") = "CH_4_6", "CH_4_6\CH_4_6.vcxproj", "{6A081128-8252-47E7-A6BD-1A519FE8FCC1}"
EndProject
Project("{8BC9CEB8-8B4A-11D0-8D11-00A0C91BC942}") = "CH_4_7", "CH_4_7\CH_4_7.vcxproj", "{3FA281DD-C4A6-416A-B00D-0FDE0A3B9FB7}"
EndProject
Project("{8BC9CEB8-8B4A-11D0-8D11-00A0C91BC942}") = "CH_4_8", "CH_4_8\CH_4_8.vcxproj", "{ADC1DFA5-CD38-440B-B995-507C23E3DFDE}"
EndProject
Project("{8BC9CEB8-8B4A-11D0-8D11-00A0C91BC942}") = "CH_4_9", "CH_4_9\CH_4_9.vcxproj", "{B2845FAE-2A8C-4E64-A764-C8F350B1DDDF}"
EndProject
Project("{8BC9CEB8-8B4A-11D0-8D11-00A0C91BC942}") = "CH_4_10", "CH_4_10\CH_4_10.vcxproj", "{F2BA4DF0-6D42-4D36-9FF6-1363E3AA109F}"
EndProject
Global
	GlobalSection(SolutionConfigurationPlatforms) = preSolution
		Debug|x64 = Debug|x64
		Debug|x86 = Debug|x86
		Release|x64 = Release|x64
		Release|x86 = Release|x86
	EndGlobalSection
	GlobalSection(ProjectConfigurationPlatforms) = postSolution
		{8F657539-A085-4386-8771-AF07A6F8178B}.Debug|x64.ActiveCfg = Debug|x64
		{8F657539-A085-4386-8771-AF07A6F8178B}.Debug|x64.Build.0 = Debug|x64
		{8F657539-A085-4386-8771-AF07A6F8178B}.Debug|x86.ActiveCfg = Debug|Win32
		{8F657539-A085-4386-8771-AF07A6F8178B}.Debug|x86.Build.0 = Debug|Win32
		{8F657539-A085-4386-8771-AF07A6F8178B}.Release|x64.ActiveCfg = Release|x64
		{8F657539-A085-4386-8771-AF07A6F8178B}.Release|x64.Build.0 = Release|x64
		{8F657539-A085-4386-8771-AF07A6F8178B}.Release|x86.ActiveCfg = Release|Win32
		{8F657539-A085-4386-8771-AF07A6F8178B}.Release|x86.Build.0 = Release|Win32
		{D7635C1C-EF38-4421-9AF4-D4936E7C725F}.Debug|x64.ActiveCfg = Debug|x64
		{D7635C1C-EF38-4421-9AF4-D4936E7C725F}.Debug|x64.Build.0 = Debug|x64
		{D7635C1C-EF38-4421-9AF4-D4936E7C725F}.Debug|x86.ActiveCfg = Debug|Win32
		{D7635C1C-EF38-4421-9AF4-D4936E7C725F}.Debug|x86.Build.0 = Debug|Win32
		{D7635C1C-EF38-4421-9AF4-D4936E7C725F}.Release|x64.ActiveCfg = Release|x64
		{D7635C1C-EF38-4421-9AF4-D4936E7C725F}.Release|x64.Build.0 = Release|x64
		{D7635C1C-EF38-4421-9AF4-D4936E7C725F}.Release|x86.ActiveCfg = Release|Win32
		{D7635C1C-EF38-4421-9AF4-D4936E7C725F}.Release|x86.Build.0 = Release|Win32
		{6A5F8B99-3C61-4538-987B-F2F3373217ED}.Debug|x64.ActiveCfg = Debug|x64
		{6A5F8B99-3C61-4538-987B-F2F3373217ED}.Debug|x64.Build.0 = Debug|x64
		{6A5F8B99-3C61-4538-987B-F2F3373217ED}.Debug|x86.ActiveCfg = Debug|Win32
		{6A5F8B99-3C61-4538-987B-F2F3373217ED}.Debug|x86.Build.0 = Debug|Win32
		{6A5F8B99-3C61-4538-987B-F2F3373217ED}.Release|x64.ActiveCfg = Release|x64
		{6A5F8B99-3C61-4538-987B-F2F3373217ED}.Release|x64.Build.0 = Release|x64
		{6A5F8B99-3C61-4538-987B-F2F3373217ED}.Release|x86.ActiveCfg = Release|Win32
		{6A5F8B99-3C61-4538-987B-F2F3373217ED}.Release|x86.Build.0 = Release|Win32
		{3401581D-ABE4-4267-9A22-6E91E53035D5}.Debug|x64.ActiveCfg = Debug|x64
		{3401581D-ABE4-4267-9A22-6E91E53035D5}.Debug|x64.Build.0 = Debug|x64
		{3401581D-ABE4-4267-9A22-6E91E53035D5}.Debug|x86.ActiveCfg = Debug|Win32
		{3401581D-ABE4-4267-9A22-6E91E53035D5}.Debug|x86.Build.0 = Debug|Win32
		{3401581D-ABE4-4267-9A22-6E91E53035D5}.Release|x64.ActiveCfg = Release|x64
		{3401581D-ABE4-4267-9A22-6E91E53035D5}.Release|x64.Build.0 = Release|x64
		{3401581D-ABE4-4267-9A22-6E91E53035D5}.Release|x86.ActiveCfg = Release|Win32
		{3401581D-ABE4-4267-9A22-6E91E53035D5}.Release|x86.Build.0 = Release|Win32
		{354A669F-BC35-42AD-B4FD-5559B1C6CBAB}.Debug|x64.ActiveCfg = Debug|x64
		{354A669F-BC35-42AD-B4FD-5559B1C6CBAB}.Debug|x64.Build.0 = Debug|x64
		{354A669F-BC35-42AD-B4FD-5559B1C6CBAB}.Debug|x86.ActiveCfg = Debug|Win32
		{354A669F-BC35-42AD-B4FD-5559B1C6CBAB}.Debug|x86.Build.0 = Debug|Win32
		{354A669F-BC35-42AD-B4FD-5559B1C6CBAB}.Release|x64.ActiveCfg = Release|x64
		{354A669F-BC35-42AD-B4FD-5559B1C6CBAB}.Release|x64.Build.0 = Release|x64
		{354A669F-BC35-42AD-B4FD-5559B1C6CBAB}.Release|x86.ActiveCfg = Release|Win32
		{354A669F-BC35-42AD-B4FD-5559B1C6CBAB}.Release|x86.Build.0 = Release|Win32
		{6A081128-8252-47E7-A6BD-1A519FE8FCC1}.Debug|x64.ActiveCfg = Debug|x64
		{6A081128-8252-47E7-A6BD-1A519FE8FCC1}.Debug|x64.Build.0 = Debug|x64
		{6A081128-8252-47E7-A6BD-1A519FE8FCC1}.Debug|x86.ActiveCfg = Debug|Win32
		{6A081128-8252-47E7-A6BD-1A519FE8FCC1}.Debug|x86.Build.0 = Debug|Win32
		{6A081128-8252-47E7-A6BD-1A519FE8FCC1}.Release|x64.ActiveCfg = Release|x64
		{6A081128-8252-47E7-A6BD-1A519FE8FCC1}.Release|x64.Build.0 = Release|x64
		{6A081128-8252-47E7-A6BD-1A519FE8FCC1}.Release|x86.ActiveCfg = Release|Win32
		{6A081128-8252-47E7-A6BD-1A519FE8FCC1}.Release|x86.Build.0 = Release|Win32
		{3FA281DD-C4A6-416A-B00D-0FDE0A3B9FB7}.Debug|x64.ActiveCfg = Debug|x64
		{3FA281DD-C4A6-416A-B00D-0FDE0A3B9FB7}.Debug|x64.Build.0 = Debug|x64
		{3FA281DD-C4A6-416A-B00D-0FDE0A3B9FB7}.Debug|x86.ActiveCfg = Debug|Win32
		{3FA281DD-C4A6-416A-B00D-0FDE0A3B9FB7}.Debug|x86.Build.0 = Debug|Win32
		{3FA281DD-C4A6-416A-B00D-0FDE0A3B9FB7}.Release|x64.ActiveCfg = Release|x64
		{3FA281DD-C4A6-416A-B00D-0FDE0A3B9FB7}.Release|x64.Build.0 = Release|x64
		{3FA281DD-C4A6-416A-B00D-0FDE0A3B9FB7}.Release|x86.ActiveCfg = Release|Win32
		{3FA281DD-C4A6-416A-B00D-0FDE0A3B9FB7}.Release|x86.Build.0 = Release|Win32
		{ADC1DFA5-CD38-440B-B995-507C23E3DFDE}.Debug|x64.ActiveCfg = Debug|x64
		{ADC1DFA5-CD38-440B-B995-507C23E3DFDE}.Debug|x64.Build.0 = Debug|x64
		{ADC1DFA5-CD38-440B-B995-507C23E3DFDE}.Debug|x86.ActiveCfg = Debug|Win32
		{ADC1DFA5-CD38-440B-B995-507C23E3DFDE}.Debug|x86.Build.0 = Debug|Win32
		{ADC1DFA5-CD38-440B-B995-507C23E3DFDE}.Release|x64.ActiveCfg = Release|x64
		{ADC1DFA5-CD38-440B-B995-507C23E3DFDE}.Release|x64.Build.0 = Release|x64
		{ADC1DFA5-CD38-440B-B995-507C23E3DFDE}.Release|x86.ActiveCfg = Release|Win32
		{ADC1DFA5-CD38-440B-B995-507C23E3DFDE}.Release|x86.Build.0 = Release|Win32
		{B2845FAE-2A8C-4E64-A764-C8F350B1DDDF}.Debug|x64.ActiveCfg = Debug|x64
		{B2845FAE-2A8C-4E64-A764-C8F350B1DDDF}.Debug|x64.Build.0 = Debug|x64
		{B2845FAE-2A8C-4E64-A764-C8F350B1DDDF}.Debug|x86.ActiveCfg = Debug|Win32
		{B2845FAE-2A8C-4E64-A764-C8F350B1DDDF}.Debug|x86.Build.0 = Debug|Win32
		{B2845FAE-2A8C-4E64-A764-C8F350B1DDDF}.Release|x64.ActiveCfg = Release|x64
		{B2845FAE-2A8C-4E64-A764-C8F350B1DDDF}.Release|x64.Build.0 = Release|x64
		{B2845FAE-2A8C-4E64-A764-C8F350B1DDDF}.Release|x86.ActiveCfg = Release|Win32
		{B2845FAE-2A8C-4E64-A764-C8F350B1DDDF}.Release|x86.Build.0 = Release|Win32
		{F2BA4DF0-6D42-4D36-9FF6-1363E3AA109F}.Debug|x64.ActiveCfg = Debug|x64
		{F2BA4DF0-6D42-4D36-9FF6-1363E3AA109F}.Debug|x64.Build.0 = Debug|x64
		{F2BA4DF0-6D42-4D36-9FF6-1363E3AA109F}.Debug|x86.ActiveCfg = Debug|Win32
		{F2BA4DF0-6D42-4D36-9FF6-1363E3AA109F}.Debug|x86.Build.0 = Debug|Win32
		{F2BA4DF0-6D42-4D36-9FF6-1363E3AA109F}.Release|x64.ActiveCfg = Release|x64
		{F2BA4DF0-6D42-4D36-9FF6-1363E3AA109F}.Release|x64.Build.0 = Release|x64
		{F2BA4DF0-6D42-4D36-9FF6-1363E3AA109F}.Release|x86.ActiveCfg = Release|Win32
		{F2BA4DF0-6D42-4D36-9FF6-1363E3AA109F}.Release|x86.Build.0 = Release|Win32
	EndGlobalSection
	GlobalSection(SolutionProperties) = preSolution
		HideSolutionNode = FALSE
	EndGlobalSection
	GlobalSection(ExtensibilityGlobals) = postSolution
		SolutionGuid = {19D91A7A-1F8C-46FD-B71A-15BD829413D0}
	EndGlobalSection
EndGlobal
