
Microsoft Visual Studio Solution File, Format Version 12.00
# Visual Studio 15
VisualStudioVersion = 15.0.28307.757
MinimumVisualStudioVersion = 10.0.40219.1
Project("{8BC9CEB8-8B4A-11D0-8D11-00A0C91BC942}") = "CH_6_1", "CH_6\CH_6.vcxproj", "{B777D9EC-B29A-4AEF-B62E-C22FF00E0FB3}"
EndProject
Project("{8BC9CEB8-8B4A-11D0-8D11-00A0C91BC942}") = "CH_6_2", "CH_6_2\CH_6_2.vcxproj", "{47043359-9D04-44BD-A984-8B35C815C0CD}"
EndProject
Project("{8BC9CEB8-8B4A-11D0-8D11-00A0C91BC942}") = "CH_6_3", "CH_6_3\CH_6_3.vcxproj", "{F735BC6C-2164-4505-AB5D-495288D28839}"
EndProject
Project("{8BC9CEB8-8B4A-11D0-8D11-00A0C91BC942}") = "CH_6_4", "CH_6_4\CH_6_4.vcxproj", "{A9702247-6AFE-4D3A-8744-3E478E6F53F6}"
EndProject
Project("{8BC9CEB8-8B4A-11D0-8D11-00A0C91BC942}") = "CH_6_5", "CH_6_5\CH_6_5.vcxproj", "{C6E08DF1-6FA1-4018-AB11-9D1C01C5A1F9}"
EndProject
Project("{8BC9CEB8-8B4A-11D0-8D11-00A0C91BC942}") = "CH_6_6", "CH_6_6\CH_6_6.vcxproj", "{18D1B208-980A-48F8-BFF6-B727BFF0D5DC}"
EndProject
Project("{8BC9CEB8-8B4A-11D0-8D11-00A0C91BC942}") = "CH_6_7", "CH_6_7\CH_6_7.vcxproj", "{8EE972C3-FCF1-43F0-B7DD-A409B2D7B3D0}"
EndProject
Project("{8BC9CEB8-8B4A-11D0-8D11-00A0C91BC942}") = "CH_6_8", "CH_6_8\CH_6_8.vcxproj", "{DF4E02D4-C66F-43E9-AA81-7E8C7B8F2866}"
EndProject
Project("{8BC9CEB8-8B4A-11D0-8D11-00A0C91BC942}") = "CH_6_9", "CH_6_9\CH_6_9.vcxproj", "{C94FB514-1F46-4D65-B4E0-2E0304B188D0}"
EndProject
Project("{8BC9CEB8-8B4A-11D0-8D11-00A0C91BC942}") = "CH6_10", "CH__6_10\CH__6_10.vcxproj", "{64259E1D-2477-477C-B826-950CBDBEA4CF}"
EndProject
Project("{8BC9CEB8-8B4A-11D0-8D11-00A0C91BC942}") = "CH_6_7a", "CH_6_7a\CH_6_7a.vcxproj", "{EC52D5F1-622A-4E46-9B60-F6A449FD4F14}"
EndProject
Project("{8BC9CEB8-8B4A-11D0-8D11-00A0C91BC942}") = "CH6_11", "CH6_11\CH6_11.vcxproj", "{5C3E7276-7227-4E63-B8BC-6886B0563926}"
EndProject
Project("{8BC9CEB8-8B4A-11D0-8D11-00A0C91BC942}") = "CH6_12", "CH_6_12\CH_6_12.vcxproj", "{B3E6D52A-0278-4F62-B648-79ED29F32330}"
EndProject
Project("{8BC9CEB8-8B4A-11D0-8D11-00A0C91BC942}") = "CH6_13", "CH6_13\CH6_13.vcxproj", "{B0413CC2-13C0-4E48-985E-97E0CEFF38E4}"
EndProject
Project("{8BC9CEB8-8B4A-11D0-8D11-00A0C91BC942}") = "CH6_14", "CH6_14\CH6_14.vcxproj", "{9A800473-6B39-48F9-B208-64A753F8A330}"
EndProject
Project("{8BC9CEB8-8B4A-11D0-8D11-00A0C91BC942}") = "CH6_15", "CH6_15\CH6_15.vcxproj", "{16194E22-8C57-4EAC-A638-E5EEDA3AFB17}"
EndProject
Project("{8BC9CEB8-8B4A-11D0-8D11-00A0C91BC942}") = "CH6_16", "CH6_16\CH6_16.vcxproj", "{21A39201-FEB6-43CD-B53E-4979F321B0DE}"
EndProject
Project("{8BC9CEB8-8B4A-11D0-8D11-00A0C91BC942}") = "CH6_17", "CH6_17\CH6_17.vcxproj", "{E3FB6EE0-50C9-4722-941A-FFB06016F8BB}"
EndProject
Project("{8BC9CEB8-8B4A-11D0-8D11-00A0C91BC942}") = "CH6_18", "CH6_18\CH6_18.vcxproj", "{3B14C044-022E-42B4-8F0F-7620F8BE87AC}"
EndProject
Project("{8BC9CEB8-8B4A-11D0-8D11-00A0C91BC942}") = "CH6_19", "CH6_19\CH6_19.vcxproj", "{B33E745F-9A44-4BAE-AADD-5A182E0DFB1B}"
EndProject
Project("{8BC9CEB8-8B4A-11D0-8D11-00A0C91BC942}") = "CH6_20", "CH6_20\CH6_20.vcxproj", "{4EB6B41C-71D4-43F4-A8B4-41161E9BA84A}"
EndProject
Project("{8BC9CEB8-8B4A-11D0-8D11-00A0C91BC942}") = "CH6_21", "CH6_21\CH6_21.vcxproj", "{1B875953-2BE4-44DD-8C05-409054445395}"
EndProject
Global
	GlobalSection(SolutionConfigurationPlatforms) = preSolution
		Debug|x64 = Debug|x64
		Debug|x86 = Debug|x86
		Release|x64 = Release|x64
		Release|x86 = Release|x86
	EndGlobalSection
	GlobalSection(ProjectConfigurationPlatforms) = postSolution
		{B777D9EC-B29A-4AEF-B62E-C22FF00E0FB3}.Debug|x64.ActiveCfg = Debug|x64
		{B777D9EC-B29A-4AEF-B62E-C22FF00E0FB3}.Debug|x64.Build.0 = Debug|x64
		{B777D9EC-B29A-4AEF-B62E-C22FF00E0FB3}.Debug|x86.ActiveCfg = Debug|Win32
		{B777D9EC-B29A-4AEF-B62E-C22FF00E0FB3}.Debug|x86.Build.0 = Debug|Win32
		{B777D9EC-B29A-4AEF-B62E-C22FF00E0FB3}.Release|x64.ActiveCfg = Release|x64
		{B777D9EC-B29A-4AEF-B62E-C22FF00E0FB3}.Release|x64.Build.0 = Release|x64
		{B777D9EC-B29A-4AEF-B62E-C22FF00E0FB3}.Release|x86.ActiveCfg = Release|Win32
		{B777D9EC-B29A-4AEF-B62E-C22FF00E0FB3}.Release|x86.Build.0 = Release|Win32
		{47043359-9D04-44BD-A984-8B35C815C0CD}.Debug|x64.ActiveCfg = Debug|x64
		{47043359-9D04-44BD-A984-8B35C815C0CD}.Debug|x64.Build.0 = Debug|x64
		{47043359-9D04-44BD-A984-8B35C815C0CD}.Debug|x86.ActiveCfg = Debug|Win32
		{47043359-9D04-44BD-A984-8B35C815C0CD}.Debug|x86.Build.0 = Debug|Win32
		{47043359-9D04-44BD-A984-8B35C815C0CD}.Release|x64.ActiveCfg = Release|x64
		{47043359-9D04-44BD-A984-8B35C815C0CD}.Release|x64.Build.0 = Release|x64
		{47043359-9D04-44BD-A984-8B35C815C0CD}.Release|x86.ActiveCfg = Release|Win32
		{47043359-9D04-44BD-A984-8B35C815C0CD}.Release|x86.Build.0 = Release|Win32
		{F735BC6C-2164-4505-AB5D-495288D28839}.Debug|x64.ActiveCfg = Debug|x64
		{F735BC6C-2164-4505-AB5D-495288D28839}.Debug|x64.Build.0 = Debug|x64
		{F735BC6C-2164-4505-AB5D-495288D28839}.Debug|x86.ActiveCfg = Debug|Win32
		{F735BC6C-2164-4505-AB5D-495288D28839}.Debug|x86.Build.0 = Debug|Win32
		{F735BC6C-2164-4505-AB5D-495288D28839}.Release|x64.ActiveCfg = Release|x64
		{F735BC6C-2164-4505-AB5D-495288D28839}.Release|x64.Build.0 = Release|x64
		{F735BC6C-2164-4505-AB5D-495288D28839}.Release|x86.ActiveCfg = Release|Win32
		{F735BC6C-2164-4505-AB5D-495288D28839}.Release|x86.Build.0 = Release|Win32
		{A9702247-6AFE-4D3A-8744-3E478E6F53F6}.Debug|x64.ActiveCfg = Debug|x64
		{A9702247-6AFE-4D3A-8744-3E478E6F53F6}.Debug|x64.Build.0 = Debug|x64
		{A9702247-6AFE-4D3A-8744-3E478E6F53F6}.Debug|x86.ActiveCfg = Debug|Win32
		{A9702247-6AFE-4D3A-8744-3E478E6F53F6}.Debug|x86.Build.0 = Debug|Win32
		{A9702247-6AFE-4D3A-8744-3E478E6F53F6}.Release|x64.ActiveCfg = Release|x64
		{A9702247-6AFE-4D3A-8744-3E478E6F53F6}.Release|x64.Build.0 = Release|x64
		{A9702247-6AFE-4D3A-8744-3E478E6F53F6}.Release|x86.ActiveCfg = Release|Win32
		{A9702247-6AFE-4D3A-8744-3E478E6F53F6}.Release|x86.Build.0 = Release|Win32
		{C6E08DF1-6FA1-4018-AB11-9D1C01C5A1F9}.Debug|x64.ActiveCfg = Debug|x64
		{C6E08DF1-6FA1-4018-AB11-9D1C01C5A1F9}.Debug|x64.Build.0 = Debug|x64
		{C6E08DF1-6FA1-4018-AB11-9D1C01C5A1F9}.Debug|x86.ActiveCfg = Debug|Win32
		{C6E08DF1-6FA1-4018-AB11-9D1C01C5A1F9}.Debug|x86.Build.0 = Debug|Win32
		{C6E08DF1-6FA1-4018-AB11-9D1C01C5A1F9}.Release|x64.ActiveCfg = Release|x64
		{C6E08DF1-6FA1-4018-AB11-9D1C01C5A1F9}.Release|x64.Build.0 = Release|x64
		{C6E08DF1-6FA1-4018-AB11-9D1C01C5A1F9}.Release|x86.ActiveCfg = Release|Win32
		{C6E08DF1-6FA1-4018-AB11-9D1C01C5A1F9}.Release|x86.Build.0 = Release|Win32
		{18D1B208-980A-48F8-BFF6-B727BFF0D5DC}.Debug|x64.ActiveCfg = Debug|x64
		{18D1B208-980A-48F8-BFF6-B727BFF0D5DC}.Debug|x64.Build.0 = Debug|x64
		{18D1B208-980A-48F8-BFF6-B727BFF0D5DC}.Debug|x86.ActiveCfg = Debug|Win32
		{18D1B208-980A-48F8-BFF6-B727BFF0D5DC}.Debug|x86.Build.0 = Debug|Win32
		{18D1B208-980A-48F8-BFF6-B727BFF0D5DC}.Release|x64.ActiveCfg = Release|x64
		{18D1B208-980A-48F8-BFF6-B727BFF0D5DC}.Release|x64.Build.0 = Release|x64
		{18D1B208-980A-48F8-BFF6-B727BFF0D5DC}.Release|x86.ActiveCfg = Release|Win32
		{18D1B208-980A-48F8-BFF6-B727BFF0D5DC}.Release|x86.Build.0 = Release|Win32
		{8EE972C3-FCF1-43F0-B7DD-A409B2D7B3D0}.Debug|x64.ActiveCfg = Debug|x64
		{8EE972C3-FCF1-43F0-B7DD-A409B2D7B3D0}.Debug|x64.Build.0 = Debug|x64
		{8EE972C3-FCF1-43F0-B7DD-A409B2D7B3D0}.Debug|x86.ActiveCfg = Debug|Win32
		{8EE972C3-FCF1-43F0-B7DD-A409B2D7B3D0}.Debug|x86.Build.0 = Debug|Win32
		{8EE972C3-FCF1-43F0-B7DD-A409B2D7B3D0}.Release|x64.ActiveCfg = Release|x64
		{8EE972C3-FCF1-43F0-B7DD-A409B2D7B3D0}.Release|x64.Build.0 = Release|x64
		{8EE972C3-FCF1-43F0-B7DD-A409B2D7B3D0}.Release|x86.ActiveCfg = Release|Win32
		{8EE972C3-FCF1-43F0-B7DD-A409B2D7B3D0}.Release|x86.Build.0 = Release|Win32
		{DF4E02D4-C66F-43E9-AA81-7E8C7B8F2866}.Debug|x64.ActiveCfg = Debug|x64
		{DF4E02D4-C66F-43E9-AA81-7E8C7B8F2866}.Debug|x64.Build.0 = Debug|x64
		{DF4E02D4-C66F-43E9-AA81-7E8C7B8F2866}.Debug|x86.ActiveCfg = Debug|Win32
		{DF4E02D4-C66F-43E9-AA81-7E8C7B8F2866}.Debug|x86.Build.0 = Debug|Win32
		{DF4E02D4-C66F-43E9-AA81-7E8C7B8F2866}.Release|x64.ActiveCfg = Release|x64
		{DF4E02D4-C66F-43E9-AA81-7E8C7B8F2866}.Release|x64.Build.0 = Release|x64
		{DF4E02D4-C66F-43E9-AA81-7E8C7B8F2866}.Release|x86.ActiveCfg = Release|Win32
		{DF4E02D4-C66F-43E9-AA81-7E8C7B8F2866}.Release|x86.Build.0 = Release|Win32
		{C94FB514-1F46-4D65-B4E0-2E0304B188D0}.Debug|x64.ActiveCfg = Debug|x64
		{C94FB514-1F46-4D65-B4E0-2E0304B188D0}.Debug|x64.Build.0 = Debug|x64
		{C94FB514-1F46-4D65-B4E0-2E0304B188D0}.Debug|x86.ActiveCfg = Debug|Win32
		{C94FB514-1F46-4D65-B4E0-2E0304B188D0}.Debug|x86.Build.0 = Debug|Win32
		{C94FB514-1F46-4D65-B4E0-2E0304B188D0}.Release|x64.ActiveCfg = Release|x64
		{C94FB514-1F46-4D65-B4E0-2E0304B188D0}.Release|x64.Build.0 = Release|x64
		{C94FB514-1F46-4D65-B4E0-2E0304B188D0}.Release|x86.ActiveCfg = Release|Win32
		{C94FB514-1F46-4D65-B4E0-2E0304B188D0}.Release|x86.Build.0 = Release|Win32
		{64259E1D-2477-477C-B826-950CBDBEA4CF}.Debug|x64.ActiveCfg = Debug|x64
		{64259E1D-2477-477C-B826-950CBDBEA4CF}.Debug|x64.Build.0 = Debug|x64
		{64259E1D-2477-477C-B826-950CBDBEA4CF}.Debug|x86.ActiveCfg = Debug|Win32
		{64259E1D-2477-477C-B826-950CBDBEA4CF}.Debug|x86.Build.0 = Debug|Win32
		{64259E1D-2477-477C-B826-950CBDBEA4CF}.Release|x64.ActiveCfg = Release|x64
		{64259E1D-2477-477C-B826-950CBDBEA4CF}.Release|x64.Build.0 = Release|x64
		{64259E1D-2477-477C-B826-950CBDBEA4CF}.Release|x86.ActiveCfg = Release|Win32
		{64259E1D-2477-477C-B826-950CBDBEA4CF}.Release|x86.Build.0 = Release|Win32
		{EC52D5F1-622A-4E46-9B60-F6A449FD4F14}.Debug|x64.ActiveCfg = Debug|x64
		{EC52D5F1-622A-4E46-9B60-F6A449FD4F14}.Debug|x64.Build.0 = Debug|x64
		{EC52D5F1-622A-4E46-9B60-F6A449FD4F14}.Debug|x86.ActiveCfg = Debug|Win32
		{EC52D5F1-622A-4E46-9B60-F6A449FD4F14}.Debug|x86.Build.0 = Debug|Win32
		{EC52D5F1-622A-4E46-9B60-F6A449FD4F14}.Release|x64.ActiveCfg = Release|x64
		{EC52D5F1-622A-4E46-9B60-F6A449FD4F14}.Release|x64.Build.0 = Release|x64
		{EC52D5F1-622A-4E46-9B60-F6A449FD4F14}.Release|x86.ActiveCfg = Release|Win32
		{EC52D5F1-622A-4E46-9B60-F6A449FD4F14}.Release|x86.Build.0 = Release|Win32
		{5C3E7276-7227-4E63-B8BC-6886B0563926}.Debug|x64.ActiveCfg = Debug|x64
		{5C3E7276-7227-4E63-B8BC-6886B0563926}.Debug|x64.Build.0 = Debug|x64
		{5C3E7276-7227-4E63-B8BC-6886B0563926}.Debug|x86.ActiveCfg = Debug|Win32
		{5C3E7276-7227-4E63-B8BC-6886B0563926}.Debug|x86.Build.0 = Debug|Win32
		{5C3E7276-7227-4E63-B8BC-6886B0563926}.Release|x64.ActiveCfg = Release|x64
		{5C3E7276-7227-4E63-B8BC-6886B0563926}.Release|x64.Build.0 = Release|x64
		{5C3E7276-7227-4E63-B8BC-6886B0563926}.Release|x86.ActiveCfg = Release|Win32
		{5C3E7276-7227-4E63-B8BC-6886B0563926}.Release|x86.Build.0 = Release|Win32
		{B3E6D52A-0278-4F62-B648-79ED29F32330}.Debug|x64.ActiveCfg = Debug|x64
		{B3E6D52A-0278-4F62-B648-79ED29F32330}.Debug|x64.Build.0 = Debug|x64
		{B3E6D52A-0278-4F62-B648-79ED29F32330}.Debug|x86.ActiveCfg = Debug|Win32
		{B3E6D52A-0278-4F62-B648-79ED29F32330}.Debug|x86.Build.0 = Debug|Win32
		{B3E6D52A-0278-4F62-B648-79ED29F32330}.Release|x64.ActiveCfg = Release|x64
		{B3E6D52A-0278-4F62-B648-79ED29F32330}.Release|x64.Build.0 = Release|x64
		{B3E6D52A-0278-4F62-B648-79ED29F32330}.Release|x86.ActiveCfg = Release|Win32
		{B3E6D52A-0278-4F62-B648-79ED29F32330}.Release|x86.Build.0 = Release|Win32
		{B0413CC2-13C0-4E48-985E-97E0CEFF38E4}.Debug|x64.ActiveCfg = Debug|x64
		{B0413CC2-13C0-4E48-985E-97E0CEFF38E4}.Debug|x64.Build.0 = Debug|x64
		{B0413CC2-13C0-4E48-985E-97E0CEFF38E4}.Debug|x86.ActiveCfg = Debug|Win32
		{B0413CC2-13C0-4E48-985E-97E0CEFF38E4}.Debug|x86.Build.0 = Debug|Win32
		{B0413CC2-13C0-4E48-985E-97E0CEFF38E4}.Release|x64.ActiveCfg = Release|x64
		{B0413CC2-13C0-4E48-985E-97E0CEFF38E4}.Release|x64.Build.0 = Release|x64
		{B0413CC2-13C0-4E48-985E-97E0CEFF38E4}.Release|x86.ActiveCfg = Release|Win32
		{B0413CC2-13C0-4E48-985E-97E0CEFF38E4}.Release|x86.Build.0 = Release|Win32
		{9A800473-6B39-48F9-B208-64A753F8A330}.Debug|x64.ActiveCfg = Debug|x64
		{9A800473-6B39-48F9-B208-64A753F8A330}.Debug|x64.Build.0 = Debug|x64
		{9A800473-6B39-48F9-B208-64A753F8A330}.Debug|x86.ActiveCfg = Debug|Win32
		{9A800473-6B39-48F9-B208-64A753F8A330}.Debug|x86.Build.0 = Debug|Win32
		{9A800473-6B39-48F9-B208-64A753F8A330}.Release|x64.ActiveCfg = Release|x64
		{9A800473-6B39-48F9-B208-64A753F8A330}.Release|x64.Build.0 = Release|x64
		{9A800473-6B39-48F9-B208-64A753F8A330}.Release|x86.ActiveCfg = Release|Win32
		{9A800473-6B39-48F9-B208-64A753F8A330}.Release|x86.Build.0 = Release|Win32
		{16194E22-8C57-4EAC-A638-E5EEDA3AFB17}.Debug|x64.ActiveCfg = Debug|x64
		{16194E22-8C57-4EAC-A638-E5EEDA3AFB17}.Debug|x64.Build.0 = Debug|x64
		{16194E22-8C57-4EAC-A638-E5EEDA3AFB17}.Debug|x86.ActiveCfg = Debug|Win32
		{16194E22-8C57-4EAC-A638-E5EEDA3AFB17}.Debug|x86.Build.0 = Debug|Win32
		{16194E22-8C57-4EAC-A638-E5EEDA3AFB17}.Release|x64.ActiveCfg = Release|x64
		{16194E22-8C57-4EAC-A638-E5EEDA3AFB17}.Release|x64.Build.0 = Release|x64
		{16194E22-8C57-4EAC-A638-E5EEDA3AFB17}.Release|x86.ActiveCfg = Release|Win32
		{16194E22-8C57-4EAC-A638-E5EEDA3AFB17}.Release|x86.Build.0 = Release|Win32
		{21A39201-FEB6-43CD-B53E-4979F321B0DE}.Debug|x64.ActiveCfg = Debug|x64
		{21A39201-FEB6-43CD-B53E-4979F321B0DE}.Debug|x64.Build.0 = Debug|x64
		{21A39201-FEB6-43CD-B53E-4979F321B0DE}.Debug|x86.ActiveCfg = Debug|Win32
		{21A39201-FEB6-43CD-B53E-4979F321B0DE}.Debug|x86.Build.0 = Debug|Win32
		{21A39201-FEB6-43CD-B53E-4979F321B0DE}.Release|x64.ActiveCfg = Release|x64
		{21A39201-FEB6-43CD-B53E-4979F321B0DE}.Release|x64.Build.0 = Release|x64
		{21A39201-FEB6-43CD-B53E-4979F321B0DE}.Release|x86.ActiveCfg = Release|Win32
		{21A39201-FEB6-43CD-B53E-4979F321B0DE}.Release|x86.Build.0 = Release|Win32
		{E3FB6EE0-50C9-4722-941A-FFB06016F8BB}.Debug|x64.ActiveCfg = Debug|x64
		{E3FB6EE0-50C9-4722-941A-FFB06016F8BB}.Debug|x64.Build.0 = Debug|x64
		{E3FB6EE0-50C9-4722-941A-FFB06016F8BB}.Debug|x86.ActiveCfg = Debug|Win32
		{E3FB6EE0-50C9-4722-941A-FFB06016F8BB}.Debug|x86.Build.0 = Debug|Win32
		{E3FB6EE0-50C9-4722-941A-FFB06016F8BB}.Release|x64.ActiveCfg = Release|x64
		{E3FB6EE0-50C9-4722-941A-FFB06016F8BB}.Release|x64.Build.0 = Release|x64
		{E3FB6EE0-50C9-4722-941A-FFB06016F8BB}.Release|x86.ActiveCfg = Release|Win32
		{E3FB6EE0-50C9-4722-941A-FFB06016F8BB}.Release|x86.Build.0 = Release|Win32
		{3B14C044-022E-42B4-8F0F-7620F8BE87AC}.Debug|x64.ActiveCfg = Debug|x64
		{3B14C044-022E-42B4-8F0F-7620F8BE87AC}.Debug|x64.Build.0 = Debug|x64
		{3B14C044-022E-42B4-8F0F-7620F8BE87AC}.Debug|x86.ActiveCfg = Debug|Win32
		{3B14C044-022E-42B4-8F0F-7620F8BE87AC}.Debug|x86.Build.0 = Debug|Win32
		{3B14C044-022E-42B4-8F0F-7620F8BE87AC}.Release|x64.ActiveCfg = Release|x64
		{3B14C044-022E-42B4-8F0F-7620F8BE87AC}.Release|x64.Build.0 = Release|x64
		{3B14C044-022E-42B4-8F0F-7620F8BE87AC}.Release|x86.ActiveCfg = Release|Win32
		{3B14C044-022E-42B4-8F0F-7620F8BE87AC}.Release|x86.Build.0 = Release|Win32
		{B33E745F-9A44-4BAE-AADD-5A182E0DFB1B}.Debug|x64.ActiveCfg = Debug|x64
		{B33E745F-9A44-4BAE-AADD-5A182E0DFB1B}.Debug|x64.Build.0 = Debug|x64
		{B33E745F-9A44-4BAE-AADD-5A182E0DFB1B}.Debug|x86.ActiveCfg = Debug|Win32
		{B33E745F-9A44-4BAE-AADD-5A182E0DFB1B}.Debug|x86.Build.0 = Debug|Win32
		{B33E745F-9A44-4BAE-AADD-5A182E0DFB1B}.Release|x64.ActiveCfg = Release|x64
		{B33E745F-9A44-4BAE-AADD-5A182E0DFB1B}.Release|x64.Build.0 = Release|x64
		{B33E745F-9A44-4BAE-AADD-5A182E0DFB1B}.Release|x86.ActiveCfg = Release|Win32
		{B33E745F-9A44-4BAE-AADD-5A182E0DFB1B}.Release|x86.Build.0 = Release|Win32
		{4EB6B41C-71D4-43F4-A8B4-41161E9BA84A}.Debug|x64.ActiveCfg = Debug|x64
		{4EB6B41C-71D4-43F4-A8B4-41161E9BA84A}.Debug|x64.Build.0 = Debug|x64
		{4EB6B41C-71D4-43F4-A8B4-41161E9BA84A}.Debug|x86.ActiveCfg = Debug|Win32
		{4EB6B41C-71D4-43F4-A8B4-41161E9BA84A}.Debug|x86.Build.0 = Debug|Win32
		{4EB6B41C-71D4-43F4-A8B4-41161E9BA84A}.Release|x64.ActiveCfg = Release|x64
		{4EB6B41C-71D4-43F4-A8B4-41161E9BA84A}.Release|x64.Build.0 = Release|x64
		{4EB6B41C-71D4-43F4-A8B4-41161E9BA84A}.Release|x86.ActiveCfg = Release|Win32
		{4EB6B41C-71D4-43F4-A8B4-41161E9BA84A}.Release|x86.Build.0 = Release|Win32
		{1B875953-2BE4-44DD-8C05-409054445395}.Debug|x64.ActiveCfg = Debug|x64
		{1B875953-2BE4-44DD-8C05-409054445395}.Debug|x64.Build.0 = Debug|x64
		{1B875953-2BE4-44DD-8C05-409054445395}.Debug|x86.ActiveCfg = Debug|Win32
		{1B875953-2BE4-44DD-8C05-409054445395}.Debug|x86.Build.0 = Debug|Win32
		{1B875953-2BE4-44DD-8C05-409054445395}.Release|x64.ActiveCfg = Release|x64
		{1B875953-2BE4-44DD-8C05-409054445395}.Release|x64.Build.0 = Release|x64
		{1B875953-2BE4-44DD-8C05-409054445395}.Release|x86.ActiveCfg = Release|Win32
		{1B875953-2BE4-44DD-8C05-409054445395}.Release|x86.Build.0 = Release|Win32
	EndGlobalSection
	GlobalSection(SolutionProperties) = preSolution
		HideSolutionNode = FALSE
	EndGlobalSection
	GlobalSection(ExtensibilityGlobals) = postSolution
		SolutionGuid = {22855A3F-99E1-4E53-BDA4-5A6D6650A73B}
	EndGlobalSection
EndGlobal
