
Microsoft Visual Studio Solution File, Format Version 12.00
# Visual Studio 15
VisualStudioVersion = 15.0.28307.757
MinimumVisualStudioVersion = 10.0.40219.1
Project("{8BC9CEB8-8B4A-11D0-8D11-00A0C91BC942}") = "CH_5_1", "CH_5\CH_5.vcxproj", "{217A8645-D96F-40F5-9DF8-5AF4B9EDE707}"
EndProject
Project("{8BC9CEB8-8B4A-11D0-8D11-00A0C91BC942}") = "CH_5_2", "CH_5_2\CH_5_2.vcxproj", "{4E89FA00-9BC7-4274-B2EA-62618001A02A}"
EndProject
Project("{8BC9CEB8-8B4A-11D0-8D11-00A0C91BC942}") = "CH_5_3", "CH_5_3\CH_5_3.vcxproj", "{CF3AE916-E5B2-4C9D-8DC9-BEC0C4F0D983}"
EndProject
Project("{8BC9CEB8-8B4A-11D0-8D11-00A0C91BC942}") = "CH_5_4", "CH_5_4\CH_5_4.vcxproj", "{B86321FB-8C07-4931-9F9D-E3A2E9098A7C}"
EndProject
Project("{8BC9CEB8-8B4A-11D0-8D11-00A0C91BC942}") = "CH_5_5", "CH_5_5\CH_5_5.vcxproj", "{ED4A57C3-D5DE-4784-9212-EC58F842D04B}"
EndProject
Project("{8BC9CEB8-8B4A-11D0-8D11-00A0C91BC942}") = "CH_5_6", "CH_5_6\CH_5_6.vcxproj", "{0C6A3D89-EA0D-4FFD-8A8D-AABD01BF075A}"
EndProject
Project("{8BC9CEB8-8B4A-11D0-8D11-00A0C91BC942}") = "CH_5_7", "CH_5_7\CH_5_7.vcxproj", "{88CB7773-35F9-4955-8F6D-C5BE97E04E4B}"
EndProject
Project("{8BC9CEB8-8B4A-11D0-8D11-00A0C91BC942}") = "CH_5_8", "CH_5_8\CH_5_8.vcxproj", "{8C815278-5840-4993-8F6B-E995170F0E6F}"
EndProject
Project("{8BC9CEB8-8B4A-11D0-8D11-00A0C91BC942}") = "CH_5_9", "CH_5_9\CH_5_9.vcxproj", "{D0E767ED-5052-4E5B-820E-184C9678D0C6}"
EndProject
Project("{8BC9CEB8-8B4A-11D0-8D11-00A0C91BC942}") = "CH_5_10", "CH_5_10\CH_5_10.vcxproj", "{EBB49FEB-4F8E-4C32-9162-4532F460F677}"
EndProject
Global
	GlobalSection(SolutionConfigurationPlatforms) = preSolution
		Debug|x64 = Debug|x64
		Debug|x86 = Debug|x86
		Release|x64 = Release|x64
		Release|x86 = Release|x86
	EndGlobalSection
	GlobalSection(ProjectConfigurationPlatforms) = postSolution
		{217A8645-D96F-40F5-9DF8-5AF4B9EDE707}.Debug|x64.ActiveCfg = Debug|x64
		{217A8645-D96F-40F5-9DF8-5AF4B9EDE707}.Debug|x64.Build.0 = Debug|x64
		{217A8645-D96F-40F5-9DF8-5AF4B9EDE707}.Debug|x86.ActiveCfg = Debug|Win32
		{217A8645-D96F-40F5-9DF8-5AF4B9EDE707}.Debug|x86.Build.0 = Debug|Win32
		{217A8645-D96F-40F5-9DF8-5AF4B9EDE707}.Release|x64.ActiveCfg = Release|x64
		{217A8645-D96F-40F5-9DF8-5AF4B9EDE707}.Release|x64.Build.0 = Release|x64
		{217A8645-D96F-40F5-9DF8-5AF4B9EDE707}.Release|x86.ActiveCfg = Release|Win32
		{217A8645-D96F-40F5-9DF8-5AF4B9EDE707}.Release|x86.Build.0 = Release|Win32
		{4E89FA00-9BC7-4274-B2EA-62618001A02A}.Debug|x64.ActiveCfg = Debug|x64
		{4E89FA00-9BC7-4274-B2EA-62618001A02A}.Debug|x64.Build.0 = Debug|x64
		{4E89FA00-9BC7-4274-B2EA-62618001A02A}.Debug|x86.ActiveCfg = Debug|Win32
		{4E89FA00-9BC7-4274-B2EA-62618001A02A}.Debug|x86.Build.0 = Debug|Win32
		{4E89FA00-9BC7-4274-B2EA-62618001A02A}.Release|x64.ActiveCfg = Release|x64
		{4E89FA00-9BC7-4274-B2EA-62618001A02A}.Release|x64.Build.0 = Release|x64
		{4E89FA00-9BC7-4274-B2EA-62618001A02A}.Release|x86.ActiveCfg = Release|Win32
		{4E89FA00-9BC7-4274-B2EA-62618001A02A}.Release|x86.Build.0 = Release|Win32
		{CF3AE916-E5B2-4C9D-8DC9-BEC0C4F0D983}.Debug|x64.ActiveCfg = Debug|x64
		{CF3AE916-E5B2-4C9D-8DC9-BEC0C4F0D983}.Debug|x64.Build.0 = Debug|x64
		{CF3AE916-E5B2-4C9D-8DC9-BEC0C4F0D983}.Debug|x86.ActiveCfg = Debug|Win32
		{CF3AE916-E5B2-4C9D-8DC9-BEC0C4F0D983}.Debug|x86.Build.0 = Debug|Win32
		{CF3AE916-E5B2-4C9D-8DC9-BEC0C4F0D983}.Release|x64.ActiveCfg = Release|x64
		{CF3AE916-E5B2-4C9D-8DC9-BEC0C4F0D983}.Release|x64.Build.0 = Release|x64
		{CF3AE916-E5B2-4C9D-8DC9-BEC0C4F0D983}.Release|x86.ActiveCfg = Release|Win32
		{CF3AE916-E5B2-4C9D-8DC9-BEC0C4F0D983}.Release|x86.Build.0 = Release|Win32
		{B86321FB-8C07-4931-9F9D-E3A2E9098A7C}.Debug|x64.ActiveCfg = Debug|x64
		{B86321FB-8C07-4931-9F9D-E3A2E9098A7C}.Debug|x64.Build.0 = Debug|x64
		{B86321FB-8C07-4931-9F9D-E3A2E9098A7C}.Debug|x86.ActiveCfg = Debug|Win32
		{B86321FB-8C07-4931-9F9D-E3A2E9098A7C}.Debug|x86.Build.0 = Debug|Win32
		{B86321FB-8C07-4931-9F9D-E3A2E9098A7C}.Release|x64.ActiveCfg = Release|x64
		{B86321FB-8C07-4931-9F9D-E3A2E9098A7C}.Release|x64.Build.0 = Release|x64
		{B86321FB-8C07-4931-9F9D-E3A2E9098A7C}.Release|x86.ActiveCfg = Release|Win32
		{B86321FB-8C07-4931-9F9D-E3A2E9098A7C}.Release|x86.Build.0 = Release|Win32
		{ED4A57C3-D5DE-4784-9212-EC58F842D04B}.Debug|x64.ActiveCfg = Debug|x64
		{ED4A57C3-D5DE-4784-9212-EC58F842D04B}.Debug|x64.Build.0 = Debug|x64
		{ED4A57C3-D5DE-4784-9212-EC58F842D04B}.Debug|x86.ActiveCfg = Debug|Win32
		{ED4A57C3-D5DE-4784-9212-EC58F842D04B}.Debug|x86.Build.0 = Debug|Win32
		{ED4A57C3-D5DE-4784-9212-EC58F842D04B}.Release|x64.ActiveCfg = Release|x64
		{ED4A57C3-D5DE-4784-9212-EC58F842D04B}.Release|x64.Build.0 = Release|x64
		{ED4A57C3-D5DE-4784-9212-EC58F842D04B}.Release|x86.ActiveCfg = Release|Win32
		{ED4A57C3-D5DE-4784-9212-EC58F842D04B}.Release|x86.Build.0 = Release|Win32
		{0C6A3D89-EA0D-4FFD-8A8D-AABD01BF075A}.Debug|x64.ActiveCfg = Debug|x64
		{0C6A3D89-EA0D-4FFD-8A8D-AABD01BF075A}.Debug|x64.Build.0 = Debug|x64
		{0C6A3D89-EA0D-4FFD-8A8D-AABD01BF075A}.Debug|x86.ActiveCfg = Debug|Win32
		{0C6A3D89-EA0D-4FFD-8A8D-AABD01BF075A}.Debug|x86.Build.0 = Debug|Win32
		{0C6A3D89-EA0D-4FFD-8A8D-AABD01BF075A}.Release|x64.ActiveCfg = Release|x64
		{0C6A3D89-EA0D-4FFD-8A8D-AABD01BF075A}.Release|x64.Build.0 = Release|x64
		{0C6A3D89-EA0D-4FFD-8A8D-AABD01BF075A}.Release|x86.ActiveCfg = Release|Win32
		{0C6A3D89-EA0D-4FFD-8A8D-AABD01BF075A}.Release|x86.Build.0 = Release|Win32
		{88CB7773-35F9-4955-8F6D-C5BE97E04E4B}.Debug|x64.ActiveCfg = Debug|x64
		{88CB7773-35F9-4955-8F6D-C5BE97E04E4B}.Debug|x64.Build.0 = Debug|x64
		{88CB7773-35F9-4955-8F6D-C5BE97E04E4B}.Debug|x86.ActiveCfg = Debug|Win32
		{88CB7773-35F9-4955-8F6D-C5BE97E04E4B}.Debug|x86.Build.0 = Debug|Win32
		{88CB7773-35F9-4955-8F6D-C5BE97E04E4B}.Release|x64.ActiveCfg = Release|x64
		{88CB7773-35F9-4955-8F6D-C5BE97E04E4B}.Release|x64.Build.0 = Release|x64
		{88CB7773-35F9-4955-8F6D-C5BE97E04E4B}.Release|x86.ActiveCfg = Release|Win32
		{88CB7773-35F9-4955-8F6D-C5BE97E04E4B}.Release|x86.Build.0 = Release|Win32
		{8C815278-5840-4993-8F6B-E995170F0E6F}.Debug|x64.ActiveCfg = Debug|x64
		{8C815278-5840-4993-8F6B-E995170F0E6F}.Debug|x64.Build.0 = Debug|x64
		{8C815278-5840-4993-8F6B-E995170F0E6F}.Debug|x86.ActiveCfg = Debug|Win32
		{8C815278-5840-4993-8F6B-E995170F0E6F}.Debug|x86.Build.0 = Debug|Win32
		{8C815278-5840-4993-8F6B-E995170F0E6F}.Release|x64.ActiveCfg = Release|x64
		{8C815278-5840-4993-8F6B-E995170F0E6F}.Release|x64.Build.0 = Release|x64
		{8C815278-5840-4993-8F6B-E995170F0E6F}.Release|x86.ActiveCfg = Release|Win32
		{8C815278-5840-4993-8F6B-E995170F0E6F}.Release|x86.Build.0 = Release|Win32
		{D0E767ED-5052-4E5B-820E-184C9678D0C6}.Debug|x64.ActiveCfg = Debug|x64
		{D0E767ED-5052-4E5B-820E-184C9678D0C6}.Debug|x64.Build.0 = Debug|x64
		{D0E767ED-5052-4E5B-820E-184C9678D0C6}.Debug|x86.ActiveCfg = Debug|Win32
		{D0E767ED-5052-4E5B-820E-184C9678D0C6}.Debug|x86.Build.0 = Debug|Win32
		{D0E767ED-5052-4E5B-820E-184C9678D0C6}.Release|x64.ActiveCfg = Release|x64
		{D0E767ED-5052-4E5B-820E-184C9678D0C6}.Release|x64.Build.0 = Release|x64
		{D0E767ED-5052-4E5B-820E-184C9678D0C6}.Release|x86.ActiveCfg = Release|Win32
		{D0E767ED-5052-4E5B-820E-184C9678D0C6}.Release|x86.Build.0 = Release|Win32
		{EBB49FEB-4F8E-4C32-9162-4532F460F677}.Debug|x64.ActiveCfg = Debug|x64
		{EBB49FEB-4F8E-4C32-9162-4532F460F677}.Debug|x64.Build.0 = Debug|x64
		{EBB49FEB-4F8E-4C32-9162-4532F460F677}.Debug|x86.ActiveCfg = Debug|Win32
		{EBB49FEB-4F8E-4C32-9162-4532F460F677}.Debug|x86.Build.0 = Debug|Win32
		{EBB49FEB-4F8E-4C32-9162-4532F460F677}.Release|x64.ActiveCfg = Release|x64
		{EBB49FEB-4F8E-4C32-9162-4532F460F677}.Release|x64.Build.0 = Release|x64
		{EBB49FEB-4F8E-4C32-9162-4532F460F677}.Release|x86.ActiveCfg = Release|Win32
		{EBB49FEB-4F8E-4C32-9162-4532F460F677}.Release|x86.Build.0 = Release|Win32
	EndGlobalSection
	GlobalSection(SolutionProperties) = preSolution
		HideSolutionNode = FALSE
	EndGlobalSection
	GlobalSection(ExtensibilityGlobals) = postSolution
		SolutionGuid = {A94A9485-CE93-466A-A1DD-3812E78F903C}
	EndGlobalSection
EndGlobal
